{
  "version": 4,
  "terraform_version": "1.1.7",
  "serial": 514,
  "lineage": "ca140339-8763-45e8-4290-bf13b400b809",
  "outputs": {
    "storage": {
      "value": {
        "organizedzone": "peeeq-datalake-organized-zone",
        "rawzone": "peeeq-datalake-raw-zone"
      },
      "type": [
        "object",
        {
          "organizedzone": "string",
          "rawzone": "string"
        }
      ]
    }
  },
  "resources": [
    {
      "module": "module.cron_hotfix_orgdomain_to_appdb_devtest",
      "mode": "managed",
      "type": "aws_iam_policy",
      "name": "policy_lambda_cron_hotfix_orgdomain_to_appdb_devtest",
      "provider": "provider[\"registry.terraform.io/hashicorp/aws\"]",
      "instances": [
        {
          "schema_version": 0,
          "attributes": {
            "arn": "arn:aws:iam::672446792193:policy/policy_lambda_cron_hotfix_orgdomain_to_appdb_devtest",
            "description": "IAM policy for lambda_cron_hotfix_orgdomain_to_appdb_devtest lambda",
            "id": "arn:aws:iam::672446792193:policy/policy_lambda_cron_hotfix_orgdomain_to_appdb_devtest",
            "name": "policy_lambda_cron_hotfix_orgdomain_to_appdb_devtest",
            "name_prefix": null,
            "path": "/",
            "policy": "{\"Statement\":[{\"Action\":\"logs:CreateLogGroup\",\"Effect\":\"Allow\",\"Resource\":\"arn:aws:logs:us-east-1:672446792193:*\"},{\"Action\":[\"logs:CreateLogStream\",\"logs:PutLogEvents\"],\"Effect\":\"Allow\",\"Resource\":[\"arn:aws:logs:us-east-1:672446792193:log-group:/aws/lambda/cron-hotfix-orgdomain-to-appdb-devtest:*\"]},{\"Action\":[\"dynamodb:Put*\",\"dynamodb:Create*\",\"dynamodb:BatchWriteItem\",\"dynamodb:Get*\",\"dynamodb:BatchGetItem\",\"dynamodb:List*\",\"dynamodb:Describe*\",\"dynamodb:Scan\",\"dynamodb:Query\",\"dynamodb:Update*\",\"dynamodb:RestoreTable*\"],\"Effect\":\"Allow\",\"Resource\":[\"arn:aws:dynamodb:us-east-1:672446792193:table/peeeqPosts-devwork\",\"arn:aws:dynamodb:us-east-1:672446792193:table/peeeqPosts-devwork/index/*\"]},{\"Action\":[\"s3:*\"],\"Effect\":\"Allow\",\"Resource\":\"arn:aws:s3:::*\"}],\"Version\":\"2012-10-17\"}",
            "policy_id": "ANPAZZEHTYIA534DVMSZC",
            "tags": {},
            "tags_all": {}
          },
          "sensitive_attributes": [],
          "private": "bnVsbA=="
        }
      ]
    },
    {
      "module": "module.cron_hotfix_orgdomain_to_appdb_devtest",
      "mode": "managed",
      "type": "aws_iam_role",
      "name": "role_lambda_cron_hotfix_orgdomain_to_appdb_devtest",
      "provider": "provider[\"registry.terraform.io/hashicorp/aws\"]",
      "instances": [
        {
          "schema_version": 0,
          "attributes": {
            "arn": "arn:aws:iam::672446792193:role/role_lambda_cron_hotfix_orgdomain_to_appdb_devtest",
            "assume_role_policy": "{\"Version\":\"2012-10-17\",\"Statement\":[{\"Sid\":\"\",\"Effect\":\"Allow\",\"Principal\":{\"Service\":\"lambda.amazonaws.com\"},\"Action\":\"sts:AssumeRole\"}]}",
            "create_date": "2022-05-27T19:55:14Z",
            "description": "",
            "force_detach_policies": false,
            "id": "role_lambda_cron_hotfix_orgdomain_to_appdb_devtest",
            "inline_policy": [
              {
                "name": "",
                "policy": ""
              }
            ],
            "managed_policy_arns": [
              "arn:aws:iam::672446792193:policy/policy_lambda_cron_hotfix_orgdomain_to_appdb_devtest"
            ],
            "max_session_duration": 3600,
            "name": "role_lambda_cron_hotfix_orgdomain_to_appdb_devtest",
            "name_prefix": "",
            "path": "/",
            "permissions_boundary": null,
            "tags": {},
            "tags_all": {},
            "unique_id": "AROAZZEHTYIAWDFVEORMT"
          },
          "sensitive_attributes": [],
          "private": "bnVsbA=="
        }
      ]
    },
    {
      "module": "module.cron_hotfix_orgdomain_to_appdb_devtest",
      "mode": "managed",
      "type": "aws_iam_role_policy_attachment",
      "name": "lambda_cron_hotfix_orgdomain_to_appdb_devtest_logs",
      "provider": "provider[\"registry.terraform.io/hashicorp/aws\"]",
      "instances": [
        {
          "schema_version": 0,
          "attributes": {
            "id": "role_lambda_cron_hotfix_orgdomain_to_appdb_devtest-20220527195514890500000001",
            "policy_arn": "arn:aws:iam::672446792193:policy/policy_lambda_cron_hotfix_orgdomain_to_appdb_devtest",
            "role": "role_lambda_cron_hotfix_orgdomain_to_appdb_devtest"
          },
          "sensitive_attributes": [],
          "private": "bnVsbA==",
          "dependencies": [
            "module.cron_hotfix_orgdomain_to_appdb_devtest.aws_iam_policy.policy_lambda_cron_hotfix_orgdomain_to_appdb_devtest",
            "module.cron_hotfix_orgdomain_to_appdb_devtest.aws_iam_role.role_lambda_cron_hotfix_orgdomain_to_appdb_devtest"
          ]
        }
      ]
    },
    {
      "module": "module.cron_hotfix_orgdomain_to_appdb_devtest",
      "mode": "managed",
      "type": "aws_lambda_function",
      "name": "lambda_cron_hotfix_orgdomain_to_appdb_devtest",
      "provider": "provider[\"registry.terraform.io/hashicorp/aws\"]",
      "instances": [
        {
          "schema_version": 0,
          "attributes": {
            "architectures": [
              "x86_64"
            ],
            "arn": "arn:aws:lambda:us-east-1:672446792193:function:cron-hotfix-orgdomain-to-appdb-devtest",
            "code_signing_config_arn": "",
            "dead_letter_config": [],
            "description": "",
            "environment": [],
            "file_system_config": [],
            "filename": "./modules/cron-hotfix-orgdomain-to-appdb-devtest/lambda_function.zip",
            "function_name": "cron-hotfix-orgdomain-to-appdb-devtest",
            "handler": "lambda_function.lambda_handler",
            "id": "cron-hotfix-orgdomain-to-appdb-devtest",
            "image_config": [],
            "image_uri": "",
            "invoke_arn": "arn:aws:apigateway:us-east-1:lambda:path/2015-03-31/functions/arn:aws:lambda:us-east-1:672446792193:function:cron-hotfix-orgdomain-to-appdb-devtest/invocations",
            "kms_key_arn": "",
            "last_modified": "2022-06-12T21:03:53.000+0000",
            "layers": [
              "arn:aws:lambda:us-east-1:672446792193:layer:postsetlambda-pset:5",
              "arn:aws:lambda:us-east-1:770693421928:layer:Klayers-p38-pandas:1",
              "arn:aws:lambda:us-east-1:770693421928:layer:Klayers-p38-lxml:1"
            ],
            "memory_size": 500,
            "package_type": "Zip",
            "publish": false,
            "qualified_arn": "arn:aws:lambda:us-east-1:672446792193:function:cron-hotfix-orgdomain-to-appdb-devtest:$LATEST",
            "reserved_concurrent_executions": -1,
            "role": "arn:aws:iam::672446792193:role/role_lambda_cron_hotfix_orgdomain_to_appdb_devtest",
            "runtime": "python3.8",
            "s3_bucket": null,
            "s3_key": null,
            "s3_object_version": null,
            "signing_job_arn": "",
            "signing_profile_version_arn": "",
            "source_code_hash": "vTBIRFg0fRSOXu7WawghchGHkqNJPWQTl6HonB8WrEc=",
            "source_code_size": 1468,
            "tags": {},
            "tags_all": {},
            "timeout": 300,
            "timeouts": null,
            "tracing_config": [
              {
                "mode": "PassThrough"
              }
            ],
            "version": "$LATEST",
            "vpc_config": []
          },
          "sensitive_attributes": [],
          "private": "eyJlMmJmYjczMC1lY2FhLTExZTYtOGY4OC0zNDM2M2JjN2M0YzAiOnsiY3JlYXRlIjo2MDAwMDAwMDAwMDB9fQ==",
          "dependencies": [
            "module.cron_hotfix_orgdomain_to_appdb_devtest.aws_iam_role.role_lambda_cron_hotfix_orgdomain_to_appdb_devtest"
          ]
        }
      ]
    },
    {
      "module": "module.cron_orgdomain_to_appdb",
      "mode": "managed",
      "type": "aws_cloudwatch_event_rule",
      "name": "cron_orgdomain_to_appdb_once_a_day",
      "provider": "provider[\"registry.terraform.io/hashicorp/aws\"]",
      "instances": [
        {
          "schema_version": 0,
          "attributes": {
            "arn": "arn:aws:events:us-east-1:672446792193:rule/cron_orgdomain_to_appdb_once_a_day",
            "description": "Fires once a day to populate appdb",
            "event_bus_name": "default",
            "event_pattern": null,
            "id": "cron_orgdomain_to_appdb_once_a_day",
            "is_enabled": true,
            "name": "cron_orgdomain_to_appdb_once_a_day",
            "name_prefix": "",
            "role_arn": "",
            "schedule_expression": "cron(00 16 * * ? *)",
            "tags": {},
            "tags_all": {}
          },
          "sensitive_attributes": [],
          "private": "bnVsbA=="
        }
      ]
    },
    {
      "module": "module.cron_orgdomain_to_appdb",
      "mode": "managed",
      "type": "aws_cloudwatch_event_target",
      "name": "check_cron_orgdomain_to_appdb_once_a_day",
      "provider": "provider[\"registry.terraform.io/hashicorp/aws\"]",
      "instances": [
        {
          "schema_version": 1,
          "attributes": {
            "arn": "arn:aws:lambda:us-east-1:672446792193:function:cron-orgdomain-to-appdb",
            "batch_target": [],
            "dead_letter_config": [],
            "ecs_target": [],
            "event_bus_name": "default",
            "http_target": [],
            "id": "cron_orgdomain_to_appdb_once_a_day-lambda_cron_orgdomain_to_appdb",
            "input": "",
            "input_path": "",
            "input_transformer": [],
            "kinesis_target": [],
            "redshift_target": [],
            "retry_policy": [],
            "role_arn": "",
            "rule": "cron_orgdomain_to_appdb_once_a_day",
            "run_command_targets": [],
            "sqs_target": [],
            "target_id": "lambda_cron_orgdomain_to_appdb"
          },
          "sensitive_attributes": [],
          "private": "eyJzY2hlbWFfdmVyc2lvbiI6IjEifQ==",
          "dependencies": [
            "module.cron_orgdomain_to_appdb.aws_cloudwatch_event_rule.cron_orgdomain_to_appdb_once_a_day",
            "module.cron_orgdomain_to_appdb.aws_iam_role.role_lambda_cron_orgdomain_to_appdb",
            "module.cron_orgdomain_to_appdb.aws_lambda_function.lambda_cron_orgdomain_to_appdb"
          ]
        }
      ]
    },
    {
      "module": "module.cron_orgdomain_to_appdb",
      "mode": "managed",
      "type": "aws_iam_policy",
      "name": "policy_lambda_cron_orgdomain_to_appdb",
      "provider": "provider[\"registry.terraform.io/hashicorp/aws\"]",
      "instances": [
        {
          "schema_version": 0,
          "attributes": {
            "arn": "arn:aws:iam::672446792193:policy/policy_lambda_cron_orgdomain_to_appdb",
            "description": "IAM policy for lambda_cron_orgdomain_to_appdb lambda",
            "id": "arn:aws:iam::672446792193:policy/policy_lambda_cron_orgdomain_to_appdb",
            "name": "policy_lambda_cron_orgdomain_to_appdb",
            "name_prefix": null,
            "path": "/",
            "policy": "{\"Statement\":[{\"Action\":\"logs:CreateLogGroup\",\"Effect\":\"Allow\",\"Resource\":\"arn:aws:logs:us-east-1:672446792193:*\"},{\"Action\":[\"logs:CreateLogStream\",\"logs:PutLogEvents\"],\"Effect\":\"Allow\",\"Resource\":[\"arn:aws:logs:us-east-1:672446792193:log-group:/aws/lambda/cron-orgdomain-to-appdb:*\"]},{\"Action\":[\"dynamodb:Put*\",\"dynamodb:Create*\",\"dynamodb:BatchWriteItem\",\"dynamodb:Get*\",\"dynamodb:BatchGetItem\",\"dynamodb:List*\",\"dynamodb:Describe*\",\"dynamodb:Scan\",\"dynamodb:Query\",\"dynamodb:Update*\",\"dynamodb:RestoreTable*\"],\"Effect\":\"Allow\",\"Resource\":[\"arn:aws:dynamodb:us-east-1:672446792193:table/peeeqPosts-dev\",\"arn:aws:dynamodb:us-east-1:672446792193:table/peeeqPosts-dev/index/*\"]},{\"Action\":[\"s3:*\"],\"Effect\":\"Allow\",\"Resource\":\"arn:aws:s3:::*\"}],\"Version\":\"2012-10-17\"}",
            "policy_id": "ANPAZZEHTYIAW7LFH2PNR",
            "tags": {},
            "tags_all": {}
          },
          "sensitive_attributes": [],
          "private": "bnVsbA=="
        }
      ]
    },
    {
      "module": "module.cron_orgdomain_to_appdb",
      "mode": "managed",
      "type": "aws_iam_role",
      "name": "role_lambda_cron_orgdomain_to_appdb",
      "provider": "provider[\"registry.terraform.io/hashicorp/aws\"]",
      "instances": [
        {
          "schema_version": 0,
          "attributes": {
            "arn": "arn:aws:iam::672446792193:role/role_lambda_cron_orgdomain_to_appdb",
            "assume_role_policy": "{\"Version\":\"2012-10-17\",\"Statement\":[{\"Sid\":\"\",\"Effect\":\"Allow\",\"Principal\":{\"Service\":\"lambda.amazonaws.com\"},\"Action\":\"sts:AssumeRole\"}]}",
            "create_date": "2022-03-28T18:07:33Z",
            "description": "",
            "force_detach_policies": false,
            "id": "role_lambda_cron_orgdomain_to_appdb",
            "inline_policy": [
              {
                "name": "",
                "policy": ""
              }
            ],
            "managed_policy_arns": [
              "arn:aws:iam::672446792193:policy/policy_lambda_cron_orgdomain_to_appdb"
            ],
            "max_session_duration": 3600,
            "name": "role_lambda_cron_orgdomain_to_appdb",
            "name_prefix": "",
            "path": "/",
            "permissions_boundary": null,
            "tags": {},
            "tags_all": {},
            "unique_id": "AROAZZEHTYIAYK4FGIATJ"
          },
          "sensitive_attributes": [],
          "private": "bnVsbA=="
        }
      ]
    },
    {
      "module": "module.cron_orgdomain_to_appdb",
      "mode": "managed",
      "type": "aws_iam_role_policy_attachment",
      "name": "lambda_cron_orgdomain_to_appdb_logs",
      "provider": "provider[\"registry.terraform.io/hashicorp/aws\"]",
      "instances": [
        {
          "schema_version": 0,
          "attributes": {
            "id": "role_lambda_cron_orgdomain_to_appdb-20220328191815271700000001",
            "policy_arn": "arn:aws:iam::672446792193:policy/policy_lambda_cron_orgdomain_to_appdb",
            "role": "role_lambda_cron_orgdomain_to_appdb"
          },
          "sensitive_attributes": [],
          "private": "bnVsbA==",
          "dependencies": [
            "module.cron_orgdomain_to_appdb.aws_iam_policy.policy_lambda_cron_orgdomain_to_appdb",
            "module.cron_orgdomain_to_appdb.aws_iam_role.role_lambda_cron_orgdomain_to_appdb"
          ]
        }
      ]
    },
    {
      "module": "module.cron_orgdomain_to_appdb",
      "mode": "managed",
      "type": "aws_lambda_function",
      "name": "lambda_cron_orgdomain_to_appdb",
      "provider": "provider[\"registry.terraform.io/hashicorp/aws\"]",
      "instances": [
        {
          "schema_version": 0,
          "attributes": {
            "architectures": [
              "x86_64"
            ],
            "arn": "arn:aws:lambda:us-east-1:672446792193:function:cron-orgdomain-to-appdb",
            "code_signing_config_arn": "",
            "dead_letter_config": [],
            "description": "",
            "environment": [],
            "file_system_config": [],
            "filename": "./modules/cron-orgdomain-to-appdb/lambda_function.zip",
            "function_name": "cron-orgdomain-to-appdb",
            "handler": "lambda_function.lambda_handler",
            "id": "cron-orgdomain-to-appdb",
            "image_config": [],
            "image_uri": "",
            "invoke_arn": "arn:aws:apigateway:us-east-1:lambda:path/2015-03-31/functions/arn:aws:lambda:us-east-1:672446792193:function:cron-orgdomain-to-appdb/invocations",
            "kms_key_arn": "",
            "last_modified": "2022-05-28T14:59:10.000+0000",
            "layers": [
              "arn:aws:lambda:us-east-1:672446792193:layer:postsetlambda-pset:5",
              "arn:aws:lambda:us-east-1:770693421928:layer:Klayers-p38-pandas:1",
              "arn:aws:lambda:us-east-1:770693421928:layer:Klayers-p38-lxml:1"
            ],
            "memory_size": 500,
            "package_type": "Zip",
            "publish": false,
            "qualified_arn": "arn:aws:lambda:us-east-1:672446792193:function:cron-orgdomain-to-appdb:$LATEST",
            "reserved_concurrent_executions": -1,
            "role": "arn:aws:iam::672446792193:role/role_lambda_cron_orgdomain_to_appdb",
            "runtime": "python3.8",
            "s3_bucket": null,
            "s3_key": null,
            "s3_object_version": null,
            "signing_job_arn": "",
            "signing_profile_version_arn": "",
            "source_code_hash": "NOpldsHUrYvyLuF98nwpexthVXRDcO9cNRyZ5qSTNVM=",
            "source_code_size": 1463,
            "tags": {},
            "tags_all": {},
            "timeout": 300,
            "timeouts": null,
            "tracing_config": [
              {
                "mode": "PassThrough"
              }
            ],
            "version": "$LATEST",
            "vpc_config": []
          },
          "sensitive_attributes": [],
          "private": "eyJlMmJmYjczMC1lY2FhLTExZTYtOGY4OC0zNDM2M2JjN2M0YzAiOnsiY3JlYXRlIjo2MDAwMDAwMDAwMDB9fQ==",
          "dependencies": [
            "module.cron_orgdomain_to_appdb.aws_iam_role.role_lambda_cron_orgdomain_to_appdb"
          ]
        }
      ]
    },
    {
      "module": "module.cron_orgdomain_to_appdb",
      "mode": "managed",
      "type": "aws_lambda_permission",
      "name": "allow_cloudwatch_to_call_cron_orgdomain_to_appdb",
      "provider": "provider[\"registry.terraform.io/hashicorp/aws\"]",
      "instances": [
        {
          "schema_version": 0,
          "attributes": {
            "action": "lambda:InvokeFunction",
            "event_source_token": null,
            "function_name": "cron-orgdomain-to-appdb",
            "id": "AllowExecutionFromCloudWatch",
            "principal": "events.amazonaws.com",
            "qualifier": "",
            "source_account": null,
            "source_arn": "arn:aws:events:us-east-1:672446792193:rule/cron_orgdomain_to_appdb_once_a_day",
            "statement_id": "AllowExecutionFromCloudWatch",
            "statement_id_prefix": null
          },
          "sensitive_attributes": [],
          "private": "bnVsbA==",
          "dependencies": [
            "module.cron_orgdomain_to_appdb.aws_cloudwatch_event_rule.cron_orgdomain_to_appdb_once_a_day",
            "module.cron_orgdomain_to_appdb.aws_iam_role.role_lambda_cron_orgdomain_to_appdb",
            "module.cron_orgdomain_to_appdb.aws_lambda_function.lambda_cron_orgdomain_to_appdb"
          ]
        }
      ]
    },
    {
      "module": "module.cron_orgdomain_to_appdb_devtest",
      "mode": "managed",
      "type": "aws_cloudwatch_event_rule",
      "name": "cron_orgdomain_to_appdb_once_a_day_devtest",
      "provider": "provider[\"registry.terraform.io/hashicorp/aws\"]",
      "instances": [
        {
          "schema_version": 0,
          "attributes": {
            "arn": "arn:aws:events:us-east-1:672446792193:rule/cron_orgdomain_to_appdb_once_a_day_devtest",
            "description": "Fires once a day to populate appdb",
            "event_bus_name": "default",
            "event_pattern": null,
            "id": "cron_orgdomain_to_appdb_once_a_day_devtest",
            "is_enabled": true,
            "name": "cron_orgdomain_to_appdb_once_a_day_devtest",
            "name_prefix": "",
            "role_arn": "",
            "schedule_expression": "cron(15 16 * * ? *)",
            "tags": {},
            "tags_all": {}
          },
          "sensitive_attributes": [],
          "private": "bnVsbA=="
        }
      ]
    },
    {
      "module": "module.cron_orgdomain_to_appdb_devtest",
      "mode": "managed",
      "type": "aws_cloudwatch_event_target",
      "name": "check_cron_orgdomain_to_appdb_once_a_day_devtest",
      "provider": "provider[\"registry.terraform.io/hashicorp/aws\"]",
      "instances": [
        {
          "schema_version": 1,
          "attributes": {
            "arn": "arn:aws:lambda:us-east-1:672446792193:function:cron-orgdomain-to-appdb-devtest",
            "batch_target": [],
            "dead_letter_config": [],
            "ecs_target": [],
            "event_bus_name": "default",
            "http_target": [],
            "id": "cron_orgdomain_to_appdb_once_a_day_devtest-lambda_cron_orgdomain_to_appdb_devtest",
            "input": "",
            "input_path": "",
            "input_transformer": [],
            "kinesis_target": [],
            "redshift_target": [],
            "retry_policy": [],
            "role_arn": "",
            "rule": "cron_orgdomain_to_appdb_once_a_day_devtest",
            "run_command_targets": [],
            "sqs_target": [],
            "target_id": "lambda_cron_orgdomain_to_appdb_devtest"
          },
          "sensitive_attributes": [],
          "private": "eyJzY2hlbWFfdmVyc2lvbiI6IjEifQ==",
          "dependencies": [
            "module.cron_orgdomain_to_appdb_devtest.aws_cloudwatch_event_rule.cron_orgdomain_to_appdb_once_a_day_devtest",
            "module.cron_orgdomain_to_appdb_devtest.aws_iam_role.role_lambda_cron_orgdomain_to_appdb_devtest",
            "module.cron_orgdomain_to_appdb_devtest.aws_lambda_function.lambda_cron_orgdomain_to_appdb_devtest"
          ]
        }
      ]
    },
    {
      "module": "module.cron_orgdomain_to_appdb_devtest",
      "mode": "managed",
      "type": "aws_iam_policy",
      "name": "policy_lambda_cron_orgdomain_to_appdb_devtest",
      "provider": "provider[\"registry.terraform.io/hashicorp/aws\"]",
      "instances": [
        {
          "schema_version": 0,
          "attributes": {
            "arn": "arn:aws:iam::672446792193:policy/policy_lambda_cron_orgdomain_to_appdb_devtest",
            "description": "IAM policy for lambda_cron_orgdomain_to_appdb_devtest lambda",
            "id": "arn:aws:iam::672446792193:policy/policy_lambda_cron_orgdomain_to_appdb_devtest",
            "name": "policy_lambda_cron_orgdomain_to_appdb_devtest",
            "name_prefix": null,
            "path": "/",
            "policy": "{\"Statement\":[{\"Action\":\"logs:CreateLogGroup\",\"Effect\":\"Allow\",\"Resource\":\"arn:aws:logs:us-east-1:672446792193:*\"},{\"Action\":[\"logs:CreateLogStream\",\"logs:PutLogEvents\"],\"Effect\":\"Allow\",\"Resource\":[\"arn:aws:logs:us-east-1:672446792193:log-group:/aws/lambda/cron-orgdomain-to-appdb-devtest:*\"]},{\"Action\":[\"dynamodb:Put*\",\"dynamodb:Create*\",\"dynamodb:BatchWriteItem\",\"dynamodb:Get*\",\"dynamodb:BatchGetItem\",\"dynamodb:List*\",\"dynamodb:Describe*\",\"dynamodb:Scan\",\"dynamodb:Query\",\"dynamodb:Update*\",\"dynamodb:RestoreTable*\"],\"Effect\":\"Allow\",\"Resource\":[\"arn:aws:dynamodb:us-east-1:672446792193:table/peeeqPosts-devwork\",\"arn:aws:dynamodb:us-east-1:672446792193:table/peeeqPosts-devwork/index/*\"]},{\"Action\":[\"s3:*\"],\"Effect\":\"Allow\",\"Resource\":\"arn:aws:s3:::*\"}],\"Version\":\"2012-10-17\"}",
            "policy_id": "ANPAZZEHTYIAQBG2GL3KL",
            "tags": {},
            "tags_all": {}
          },
          "sensitive_attributes": [],
          "private": "bnVsbA=="
        }
      ]
    },
    {
      "module": "module.cron_orgdomain_to_appdb_devtest",
      "mode": "managed",
      "type": "aws_iam_role",
      "name": "role_lambda_cron_orgdomain_to_appdb_devtest",
      "provider": "provider[\"registry.terraform.io/hashicorp/aws\"]",
      "instances": [
        {
          "schema_version": 0,
          "attributes": {
            "arn": "arn:aws:iam::672446792193:role/role_lambda_cron_orgdomain_to_appdb_devtest",
            "assume_role_policy": "{\"Version\":\"2012-10-17\",\"Statement\":[{\"Sid\":\"\",\"Effect\":\"Allow\",\"Principal\":{\"Service\":\"lambda.amazonaws.com\"},\"Action\":\"sts:AssumeRole\"}]}",
            "create_date": "2022-05-11T16:28:51Z",
            "description": "",
            "force_detach_policies": false,
            "id": "role_lambda_cron_orgdomain_to_appdb_devtest",
            "inline_policy": [
              {
                "name": "",
                "policy": ""
              }
            ],
            "managed_policy_arns": [
              "arn:aws:iam::672446792193:policy/policy_lambda_cron_orgdomain_to_appdb_devtest"
            ],
            "max_session_duration": 3600,
            "name": "role_lambda_cron_orgdomain_to_appdb_devtest",
            "name_prefix": "",
            "path": "/",
            "permissions_boundary": null,
            "tags": {},
            "tags_all": {},
            "unique_id": "AROAZZEHTYIA35FV23JSS"
          },
          "sensitive_attributes": [],
          "private": "bnVsbA=="
        }
      ]
    },
    {
      "module": "module.cron_orgdomain_to_appdb_devtest",
      "mode": "managed",
      "type": "aws_iam_role_policy_attachment",
      "name": "lambda_cron_orgdomain_to_appdb_devtest_logs",
      "provider": "provider[\"registry.terraform.io/hashicorp/aws\"]",
      "instances": [
        {
          "schema_version": 0,
          "attributes": {
            "id": "role_lambda_cron_orgdomain_to_appdb_devtest-20220511162852023300000001",
            "policy_arn": "arn:aws:iam::672446792193:policy/policy_lambda_cron_orgdomain_to_appdb_devtest",
            "role": "role_lambda_cron_orgdomain_to_appdb_devtest"
          },
          "sensitive_attributes": [],
          "private": "bnVsbA==",
          "dependencies": [
            "module.cron_orgdomain_to_appdb_devtest.aws_iam_policy.policy_lambda_cron_orgdomain_to_appdb_devtest",
            "module.cron_orgdomain_to_appdb_devtest.aws_iam_role.role_lambda_cron_orgdomain_to_appdb_devtest"
          ]
        }
      ]
    },
    {
      "module": "module.cron_orgdomain_to_appdb_devtest",
      "mode": "managed",
      "type": "aws_lambda_function",
      "name": "lambda_cron_orgdomain_to_appdb_devtest",
      "provider": "provider[\"registry.terraform.io/hashicorp/aws\"]",
      "instances": [
        {
          "schema_version": 0,
          "attributes": {
            "architectures": [
              "x86_64"
            ],
            "arn": "arn:aws:lambda:us-east-1:672446792193:function:cron-orgdomain-to-appdb-devtest",
            "code_signing_config_arn": "",
            "dead_letter_config": [],
            "description": "",
            "environment": [],
            "file_system_config": [],
            "filename": "./modules/cron-orgdomain-to-appdb-devtest/lambda_function.zip",
            "function_name": "cron-orgdomain-to-appdb-devtest",
            "handler": "lambda_function.lambda_handler",
            "id": "cron-orgdomain-to-appdb-devtest",
            "image_config": [],
            "image_uri": "",
            "invoke_arn": "arn:aws:apigateway:us-east-1:lambda:path/2015-03-31/functions/arn:aws:lambda:us-east-1:672446792193:function:cron-orgdomain-to-appdb-devtest/invocations",
            "kms_key_arn": "",
            "last_modified": "2022-06-28T02:05:21.000+0000",
            "layers": [
              "arn:aws:lambda:us-east-1:672446792193:layer:postsetlambda-pset:5",
              "arn:aws:lambda:us-east-1:770693421928:layer:Klayers-p38-pandas:1",
              "arn:aws:lambda:us-east-1:770693421928:layer:Klayers-p38-lxml:1"
            ],
            "memory_size": 500,
            "package_type": "Zip",
            "publish": false,
            "qualified_arn": "arn:aws:lambda:us-east-1:672446792193:function:cron-orgdomain-to-appdb-devtest:$LATEST",
            "reserved_concurrent_executions": -1,
            "role": "arn:aws:iam::672446792193:role/role_lambda_cron_orgdomain_to_appdb_devtest",
            "runtime": "python3.8",
            "s3_bucket": null,
            "s3_key": null,
            "s3_object_version": null,
            "signing_job_arn": "",
            "signing_profile_version_arn": "",
            "source_code_hash": "dCw/OdkPqLGn58CSeYadhpgEADEptJPNulExEP6HhCM=",
            "source_code_size": 1504,
            "tags": {},
            "tags_all": {},
            "timeout": 300,
            "timeouts": null,
            "tracing_config": [
              {
                "mode": "PassThrough"
              }
            ],
            "version": "$LATEST",
            "vpc_config": []
          },
          "sensitive_attributes": [],
          "private": "eyJlMmJmYjczMC1lY2FhLTExZTYtOGY4OC0zNDM2M2JjN2M0YzAiOnsiY3JlYXRlIjo2MDAwMDAwMDAwMDB9fQ==",
          "dependencies": [
            "module.cron_orgdomain_to_appdb_devtest.aws_iam_role.role_lambda_cron_orgdomain_to_appdb_devtest"
          ]
        }
      ]
    },
    {
      "module": "module.cron_orgdomain_to_appdb_devtest",
      "mode": "managed",
      "type": "aws_lambda_permission",
      "name": "allow_cloudwatch_to_call_cron_orgdomain_to_appdb_devtest",
      "provider": "provider[\"registry.terraform.io/hashicorp/aws\"]",
      "instances": [
        {
          "schema_version": 0,
          "attributes": {
            "action": "lambda:InvokeFunction",
            "event_source_token": null,
            "function_name": "cron-orgdomain-to-appdb-devtest",
            "id": "AllowExecutionFromCloudWatch",
            "principal": "events.amazonaws.com",
            "qualifier": "",
            "source_account": null,
            "source_arn": "arn:aws:events:us-east-1:672446792193:rule/cron_orgdomain_to_appdb_once_a_day_devtest",
            "statement_id": "AllowExecutionFromCloudWatch",
            "statement_id_prefix": null
          },
          "sensitive_attributes": [],
          "private": "bnVsbA==",
          "dependencies": [
            "module.cron_orgdomain_to_appdb_devtest.aws_cloudwatch_event_rule.cron_orgdomain_to_appdb_once_a_day_devtest",
            "module.cron_orgdomain_to_appdb_devtest.aws_iam_role.role_lambda_cron_orgdomain_to_appdb_devtest",
            "module.cron_orgdomain_to_appdb_devtest.aws_lambda_function.lambda_cron_orgdomain_to_appdb_devtest"
          ]
        }
      ]
    },
    {
      "module": "module.download_images",
      "mode": "managed",
      "type": "aws_cloudwatch_event_rule",
      "name": "download_images_once_a_day",
      "provider": "provider[\"registry.terraform.io/hashicorp/aws\"]",
      "instances": [
        {
          "schema_version": 0,
          "attributes": {
            "arn": "arn:aws:events:us-east-1:672446792193:rule/download_images_once_a_days",
            "description": "Fires once a day to download images",
            "event_bus_name": "default",
            "event_pattern": null,
            "id": "download_images_once_a_days",
            "is_enabled": true,
            "name": "download_images_once_a_days",
            "name_prefix": "",
            "role_arn": "",
            "schedule_expression": "cron(00 16 * * ? *)",
            "tags": {},
            "tags_all": {}
          },
          "sensitive_attributes": [],
          "private": "bnVsbA=="
        }
      ]
    },
    {
      "module": "module.download_images",
      "mode": "managed",
      "type": "aws_cloudwatch_event_target",
      "name": "check_download_images_once_a_day",
      "provider": "provider[\"registry.terraform.io/hashicorp/aws\"]",
      "instances": [
        {
          "schema_version": 1,
          "attributes": {
            "arn": "arn:aws:lambda:us-east-1:672446792193:function:download-images",
            "batch_target": [],
            "dead_letter_config": [],
            "ecs_target": [],
            "event_bus_name": "default",
            "http_target": [],
            "id": "download_images_once_a_days-lambda_download_images",
            "input": "",
            "input_path": "",
            "input_transformer": [],
            "kinesis_target": [],
            "redshift_target": [],
            "retry_policy": [],
            "role_arn": "",
            "rule": "download_images_once_a_days",
            "run_command_targets": [],
            "sqs_target": [],
            "target_id": "lambda_download_images"
          },
          "sensitive_attributes": [],
          "private": "eyJzY2hlbWFfdmVyc2lvbiI6IjEifQ==",
          "dependencies": [
            "module.download_images.aws_cloudwatch_event_rule.download_images_once_a_day",
            "module.download_images.aws_efs_access_point.access_point_for_lambda",
            "module.download_images.aws_efs_file_system.efs_for_image_processing_lambda",
            "module.download_images.aws_iam_role.role_lambda_download_images",
            "module.download_images.aws_lambda_function.lambda_download_images",
            "module.download_images.aws_security_group.sg_image_processing_lambda",
            "module.download_images.aws_subnet.private1_image_processing_lambda",
            "module.download_images.aws_vpc.image_processing_lambda"
          ]
        }
      ]
    },
    {
      "module": "module.download_images",
      "mode": "managed",
      "type": "aws_efs_access_point",
      "name": "access_point_for_lambda",
      "provider": "provider[\"registry.terraform.io/hashicorp/aws\"]",
      "instances": [
        {
          "schema_version": 0,
          "attributes": {
            "arn": "arn:aws:elasticfilesystem:us-east-1:672446792193:access-point/fsap-05402186a3bb5496e",
            "file_system_arn": "arn:aws:elasticfilesystem:us-east-1:672446792193:file-system/fs-07857cff5bab7e6eb",
            "file_system_id": "fs-07857cff5bab7e6eb",
            "id": "fsap-05402186a3bb5496e",
            "owner_id": "672446792193",
            "posix_user": [
              {
                "gid": 1000,
                "secondary_gids": [],
                "uid": 1000
              }
            ],
            "root_directory": [
              {
                "creation_info": [
                  {
                    "owner_gid": 1000,
                    "owner_uid": 1000,
                    "permissions": "777"
                  }
                ],
                "path": "/efs"
              }
            ],
            "tags": {},
            "tags_all": {}
          },
          "sensitive_attributes": [],
          "private": "bnVsbA==",
          "dependencies": [
            "module.download_images.aws_efs_file_system.efs_for_image_processing_lambda"
          ]
        }
      ]
    },
    {
      "module": "module.download_images",
      "mode": "managed",
      "type": "aws_efs_file_system",
      "name": "efs_for_image_processing_lambda",
      "provider": "provider[\"registry.terraform.io/hashicorp/aws\"]",
      "instances": [
        {
          "schema_version": 0,
          "attributes": {
            "arn": "arn:aws:elasticfilesystem:us-east-1:672446792193:file-system/fs-07857cff5bab7e6eb",
            "availability_zone_id": "use1-az6",
            "availability_zone_name": "us-east-1b",
            "creation_token": "terraform-20220331233516708700000001",
            "dns_name": "fs-07857cff5bab7e6eb.efs.us-east-1.amazonaws.com",
            "encrypted": false,
            "id": "fs-07857cff5bab7e6eb",
            "kms_key_id": "",
            "lifecycle_policy": [],
            "number_of_mount_targets": 1,
            "owner_id": "672446792193",
            "performance_mode": "generalPurpose",
            "provisioned_throughput_in_mibps": 0,
            "size_in_bytes": [
              {
                "value": 162621440,
                "value_in_ia": 0,
                "value_in_standard": 162621440
              }
            ],
            "tags": {
              "Name": "efs_for_image_processing_lambda"
            },
            "tags_all": {
              "Name": "efs_for_image_processing_lambda"
            },
            "throughput_mode": "bursting"
          },
          "sensitive_attributes": [],
          "private": "bnVsbA=="
        }
      ]
    },
    {
      "module": "module.download_images",
      "mode": "managed",
      "type": "aws_efs_mount_target",
      "name": "alpha",
      "provider": "provider[\"registry.terraform.io/hashicorp/aws\"]",
      "instances": [
        {
          "schema_version": 0,
          "attributes": {
            "availability_zone_id": "use1-az6",
            "availability_zone_name": "us-east-1b",
            "dns_name": "fs-07857cff5bab7e6eb.efs.us-east-1.amazonaws.com",
            "file_system_arn": "arn:aws:elasticfilesystem:us-east-1:672446792193:file-system/fs-07857cff5bab7e6eb",
            "file_system_id": "fs-07857cff5bab7e6eb",
            "id": "fsmt-09e19a75e5d2926a6",
            "ip_address": "10.0.2.4",
            "mount_target_dns_name": "us-east-1b.fs-07857cff5bab7e6eb.efs.us-east-1.amazonaws.com",
            "network_interface_id": "eni-08f1fd09bf2c4398e",
            "owner_id": "672446792193",
            "security_groups": [
              "sg-0b9c303d249a8a895"
            ],
            "subnet_id": "subnet-0119c49e16621a6be"
          },
          "sensitive_attributes": [],
          "private": "bnVsbA==",
          "dependencies": [
            "module.download_images.aws_efs_file_system.efs_for_image_processing_lambda",
            "module.download_images.aws_security_group.sg_image_processing_lambda",
            "module.download_images.aws_subnet.private1_image_processing_lambda",
            "module.download_images.aws_vpc.image_processing_lambda"
          ]
        }
      ]
    },
    {
      "module": "module.download_images",
      "mode": "managed",
      "type": "aws_iam_policy",
      "name": "policy_lambda_download_images",
      "provider": "provider[\"registry.terraform.io/hashicorp/aws\"]",
      "instances": [
        {
          "schema_version": 0,
          "attributes": {
            "arn": "arn:aws:iam::672446792193:policy/policy_lambda_download_images",
            "description": "IAM policy for lambda_download_images lambda",
            "id": "arn:aws:iam::672446792193:policy/policy_lambda_download_images",
            "name": "policy_lambda_download_images",
            "name_prefix": null,
            "path": "/",
            "policy": "{\"Statement\":[{\"Action\":\"logs:CreateLogGroup\",\"Effect\":\"Allow\",\"Resource\":\"arn:aws:logs:us-east-1:672446792193:*\"},{\"Action\":[\"logs:CreateLogStream\",\"logs:PutLogEvents\"],\"Effect\":\"Allow\",\"Resource\":[\"arn:aws:logs:us-east-1:672446792193:log-group:/aws/lambda/download-images:*\"]},{\"Action\":[\"s3:*\"],\"Effect\":\"Allow\",\"Resource\":\"arn:aws:s3:::*\"},{\"Action\":[\"ec2:DescribeNetworkInterfaces\",\"ec2:CreateNetworkInterface\",\"ec2:DeleteNetworkInterface\",\"ec2:DescribeInstances\",\"ec2:AttachNetworkInterface\"],\"Effect\":\"Allow\",\"Resource\":\"*\"}],\"Version\":\"2012-10-17\"}",
            "policy_id": "ANPAZZEHTYIA2JOAYT67H",
            "tags": {},
            "tags_all": {}
          },
          "sensitive_attributes": [],
          "private": "bnVsbA=="
        }
      ]
    },
    {
      "module": "module.download_images",
      "mode": "managed",
      "type": "aws_iam_role",
      "name": "role_lambda_download_images",
      "provider": "provider[\"registry.terraform.io/hashicorp/aws\"]",
      "instances": [
        {
          "schema_version": 0,
          "attributes": {
            "arn": "arn:aws:iam::672446792193:role/role_lambda_download_images",
            "assume_role_policy": "{\"Version\":\"2012-10-17\",\"Statement\":[{\"Sid\":\"\",\"Effect\":\"Allow\",\"Principal\":{\"Service\":\"lambda.amazonaws.com\"},\"Action\":\"sts:AssumeRole\"}]}",
            "create_date": "2022-03-30T19:39:45Z",
            "description": "",
            "force_detach_policies": false,
            "id": "role_lambda_download_images",
            "inline_policy": [
              {
                "name": "",
                "policy": ""
              }
            ],
            "managed_policy_arns": [
              "arn:aws:iam::672446792193:policy/policy_lambda_download_images",
              "arn:aws:iam::aws:policy/AmazonElasticFileSystemClientReadWriteAccess",
              "arn:aws:iam::aws:policy/AmazonElasticFileSystemFullAccess",
              "arn:aws:iam::aws:policy/service-role/AWSLambdaVPCAccessExecutionRole"
            ],
            "max_session_duration": 3600,
            "name": "role_lambda_download_images",
            "name_prefix": "",
            "path": "/",
            "permissions_boundary": null,
            "tags": {},
            "tags_all": {},
            "unique_id": "AROAZZEHTYIAZPVGC2S4Y"
          },
          "sensitive_attributes": [],
          "private": "bnVsbA=="
        }
      ]
    },
    {
      "module": "module.download_images",
      "mode": "managed",
      "type": "aws_iam_role_policy_attachment",
      "name": "lambda_download_images_logs",
      "provider": "provider[\"registry.terraform.io/hashicorp/aws\"]",
      "instances": [
        {
          "schema_version": 0,
          "attributes": {
            "id": "role_lambda_download_images-20220330193946408800000001",
            "policy_arn": "arn:aws:iam::672446792193:policy/policy_lambda_download_images",
            "role": "role_lambda_download_images"
          },
          "sensitive_attributes": [],
          "private": "bnVsbA==",
          "dependencies": [
            "module.download_images.aws_iam_policy.policy_lambda_download_images",
            "module.download_images.aws_iam_role.role_lambda_download_images"
          ]
        }
      ]
    },
    {
      "module": "module.download_images",
      "mode": "managed",
      "type": "aws_internet_gateway",
      "name": "igw_lambda_vpc",
      "provider": "provider[\"registry.terraform.io/hashicorp/aws\"]",
      "instances": [
        {
          "schema_version": 0,
          "attributes": {
            "arn": "arn:aws:ec2:us-east-1:672446792193:internet-gateway/igw-031bc17a7ae1ece12",
            "id": "igw-031bc17a7ae1ece12",
            "owner_id": "672446792193",
            "tags": {},
            "tags_all": {},
            "vpc_id": "vpc-034f3b140e8464f43"
          },
          "sensitive_attributes": [],
          "private": "bnVsbA==",
          "dependencies": [
            "module.download_images.aws_vpc.image_processing_lambda"
          ]
        }
      ]
    },
    {
      "module": "module.download_images",
      "mode": "managed",
      "type": "aws_lambda_function",
      "name": "lambda_download_images",
      "provider": "provider[\"registry.terraform.io/hashicorp/aws\"]",
      "instances": [
        {
          "schema_version": 0,
          "attributes": {
            "architectures": [
              "x86_64"
            ],
            "arn": "arn:aws:lambda:us-east-1:672446792193:function:download-images",
            "code_signing_config_arn": "",
            "dead_letter_config": [],
            "description": "",
            "environment": [],
            "file_system_config": [
              {
                "arn": "arn:aws:elasticfilesystem:us-east-1:672446792193:access-point/fsap-05402186a3bb5496e",
                "local_mount_path": "/mnt/efs"
              }
            ],
            "filename": "./modules/data_processing/download_images/lambda_function.zip",
            "function_name": "download-images",
            "handler": "lambda_function.lambda_handler",
            "id": "download-images",
            "image_config": [],
            "image_uri": "",
            "invoke_arn": "arn:aws:apigateway:us-east-1:lambda:path/2015-03-31/functions/arn:aws:lambda:us-east-1:672446792193:function:download-images/invocations",
            "kms_key_arn": "",
            "last_modified": "2022-06-10T21:34:23.000+0000",
            "layers": [
              "arn:aws:lambda:us-east-1:770693421928:layer:Klayers-python38-libgthread-so:1",
              "arn:aws:lambda:us-east-1:770693421928:layer:Klayers-python38-opencv-python-headless:11"
            ],
            "memory_size": 1024,
            "package_type": "Zip",
            "publish": false,
            "qualified_arn": "arn:aws:lambda:us-east-1:672446792193:function:download-images:$LATEST",
            "reserved_concurrent_executions": -1,
            "role": "arn:aws:iam::672446792193:role/role_lambda_download_images",
            "runtime": "python3.8",
            "s3_bucket": null,
            "s3_key": null,
            "s3_object_version": null,
            "signing_job_arn": "",
            "signing_profile_version_arn": "",
            "source_code_hash": "4aUm0Uf/AuFoDz6tJ8k2oh4WF4HpF1xaj9wYrbsFZfs=",
            "source_code_size": 2014,
            "tags": {},
            "tags_all": {},
            "timeout": 600,
            "timeouts": null,
            "tracing_config": [
              {
                "mode": "PassThrough"
              }
            ],
            "version": "$LATEST",
            "vpc_config": [
              {
                "security_group_ids": [
                  "sg-0b9c303d249a8a895"
                ],
                "subnet_ids": [
                  "subnet-0119c49e16621a6be"
                ],
                "vpc_id": "vpc-034f3b140e8464f43"
              }
            ]
          },
          "sensitive_attributes": [],
          "private": "eyJlMmJmYjczMC1lY2FhLTExZTYtOGY4OC0zNDM2M2JjN2M0YzAiOnsiY3JlYXRlIjo2MDAwMDAwMDAwMDB9fQ==",
          "dependencies": [
            "module.download_images.aws_efs_access_point.access_point_for_lambda",
            "module.download_images.aws_efs_file_system.efs_for_image_processing_lambda",
            "module.download_images.aws_iam_role.role_lambda_download_images",
            "module.download_images.aws_security_group.sg_image_processing_lambda",
            "module.download_images.aws_subnet.private1_image_processing_lambda",
            "module.download_images.aws_vpc.image_processing_lambda"
          ]
        }
      ]
    },
    {
      "module": "module.download_images",
      "mode": "managed",
      "type": "aws_lambda_permission",
      "name": "allow_cloudwatch_to_call_download_images",
      "provider": "provider[\"registry.terraform.io/hashicorp/aws\"]",
      "instances": [
        {
          "schema_version": 0,
          "attributes": {
            "action": "lambda:InvokeFunction",
            "event_source_token": null,
            "function_name": "download-images",
            "id": "AllowExecutionFromCloudWatch",
            "principal": "events.amazonaws.com",
            "qualifier": "",
            "source_account": null,
            "source_arn": "arn:aws:events:us-east-1:672446792193:rule/download_images_once_a_days",
            "statement_id": "AllowExecutionFromCloudWatch",
            "statement_id_prefix": null
          },
          "sensitive_attributes": [],
          "private": "bnVsbA==",
          "dependencies": [
            "module.download_images.aws_cloudwatch_event_rule.download_images_once_a_day",
            "module.download_images.aws_efs_access_point.access_point_for_lambda",
            "module.download_images.aws_efs_file_system.efs_for_image_processing_lambda",
            "module.download_images.aws_iam_role.role_lambda_download_images",
            "module.download_images.aws_lambda_function.lambda_download_images",
            "module.download_images.aws_security_group.sg_image_processing_lambda",
            "module.download_images.aws_subnet.private1_image_processing_lambda",
            "module.download_images.aws_vpc.image_processing_lambda"
          ]
        }
      ]
    },
    {
      "module": "module.download_images",
      "mode": "managed",
      "type": "aws_security_group",
      "name": "sg_image_processing_lambda",
      "provider": "provider[\"registry.terraform.io/hashicorp/aws\"]",
      "instances": [
        {
          "schema_version": 1,
          "attributes": {
            "arn": "arn:aws:ec2:us-east-1:672446792193:security-group/sg-0b9c303d249a8a895",
            "description": "sg_image_processing_lambda inbound \u0026 outbound traffic",
            "egress": [
              {
                "cidr_blocks": [
                  "0.0.0.0/0"
                ],
                "description": "",
                "from_port": 0,
                "ipv6_cidr_blocks": [],
                "prefix_list_ids": [],
                "protocol": "-1",
                "security_groups": [],
                "self": false,
                "to_port": 0
              }
            ],
            "id": "sg-0b9c303d249a8a895",
            "ingress": [
              {
                "cidr_blocks": [
                  "0.0.0.0/0"
                ],
                "description": "",
                "from_port": 443,
                "ipv6_cidr_blocks": [],
                "prefix_list_ids": [],
                "protocol": "tcp",
                "security_groups": [],
                "self": false,
                "to_port": 443
              },
              {
                "cidr_blocks": [
                  "0.0.0.0/0"
                ],
                "description": "",
                "from_port": 80,
                "ipv6_cidr_blocks": [],
                "prefix_list_ids": [],
                "protocol": "tcp",
                "security_groups": [],
                "self": false,
                "to_port": 80
              },
              {
                "cidr_blocks": [
                  "10.0.0.0/16"
                ],
                "description": "Allow all traffic within this SG",
                "from_port": 0,
                "ipv6_cidr_blocks": [],
                "prefix_list_ids": [],
                "protocol": "-1",
                "security_groups": [],
                "self": false,
                "to_port": 0
              }
            ],
            "name": "sg_image_processing_lambda",
            "name_prefix": "",
            "owner_id": "672446792193",
            "revoke_rules_on_delete": false,
            "tags": {},
            "tags_all": {},
            "timeouts": null,
            "vpc_id": "vpc-034f3b140e8464f43"
          },
          "sensitive_attributes": [],
          "private": "eyJlMmJmYjczMC1lY2FhLTExZTYtOGY4OC0zNDM2M2JjN2M0YzAiOnsiY3JlYXRlIjo2MDAwMDAwMDAwMDAsImRlbGV0ZSI6OTAwMDAwMDAwMDAwfSwic2NoZW1hX3ZlcnNpb24iOiIxIn0=",
          "dependencies": [
            "module.download_images.aws_vpc.image_processing_lambda"
          ]
        }
      ]
    },
    {
      "module": "module.download_images",
      "mode": "managed",
      "type": "aws_subnet",
      "name": "main_image_processing_lambda",
      "provider": "provider[\"registry.terraform.io/hashicorp/aws\"]",
      "instances": [
        {
          "schema_version": 1,
          "attributes": {
            "arn": "arn:aws:ec2:us-east-1:672446792193:subnet/subnet-08a2a29fa7936dc0e",
            "assign_ipv6_address_on_creation": false,
            "availability_zone": "us-east-1a",
            "availability_zone_id": "use1-az4",
            "cidr_block": "10.0.1.0/24",
            "customer_owned_ipv4_pool": "",
            "enable_dns64": false,
            "enable_resource_name_dns_a_record_on_launch": false,
            "enable_resource_name_dns_aaaa_record_on_launch": false,
            "id": "subnet-08a2a29fa7936dc0e",
            "ipv6_cidr_block": "",
            "ipv6_cidr_block_association_id": "",
            "ipv6_native": false,
            "map_customer_owned_ip_on_launch": false,
            "map_public_ip_on_launch": false,
            "outpost_arn": "",
            "owner_id": "672446792193",
            "private_dns_hostname_type_on_launch": "ip-name",
            "tags": {
              "Name": "main"
            },
            "tags_all": {
              "Name": "main"
            },
            "timeouts": null,
            "vpc_id": "vpc-034f3b140e8464f43"
          },
          "sensitive_attributes": [],
          "private": "eyJlMmJmYjczMC1lY2FhLTExZTYtOGY4OC0zNDM2M2JjN2M0YzAiOnsiY3JlYXRlIjo2MDAwMDAwMDAwMDAsImRlbGV0ZSI6MTIwMDAwMDAwMDAwMH0sInNjaGVtYV92ZXJzaW9uIjoiMSJ9",
          "dependencies": [
            "module.download_images.aws_vpc.image_processing_lambda"
          ]
        }
      ]
    },
    {
      "module": "module.download_images",
      "mode": "managed",
      "type": "aws_subnet",
      "name": "private1_image_processing_lambda",
      "provider": "provider[\"registry.terraform.io/hashicorp/aws\"]",
      "instances": [
        {
          "schema_version": 1,
          "attributes": {
            "arn": "arn:aws:ec2:us-east-1:672446792193:subnet/subnet-0119c49e16621a6be",
            "assign_ipv6_address_on_creation": false,
            "availability_zone": "us-east-1b",
            "availability_zone_id": "use1-az6",
            "cidr_block": "10.0.2.0/24",
            "customer_owned_ipv4_pool": "",
            "enable_dns64": false,
            "enable_resource_name_dns_a_record_on_launch": false,
            "enable_resource_name_dns_aaaa_record_on_launch": false,
            "id": "subnet-0119c49e16621a6be",
            "ipv6_cidr_block": "",
            "ipv6_cidr_block_association_id": "",
            "ipv6_native": false,
            "map_customer_owned_ip_on_launch": false,
            "map_public_ip_on_launch": false,
            "outpost_arn": "",
            "owner_id": "672446792193",
            "private_dns_hostname_type_on_launch": "ip-name",
            "tags": {
              "Name": "private 1"
            },
            "tags_all": {
              "Name": "private 1"
            },
            "timeouts": null,
            "vpc_id": "vpc-034f3b140e8464f43"
          },
          "sensitive_attributes": [],
          "private": "eyJlMmJmYjczMC1lY2FhLTExZTYtOGY4OC0zNDM2M2JjN2M0YzAiOnsiY3JlYXRlIjo2MDAwMDAwMDAwMDAsImRlbGV0ZSI6MTIwMDAwMDAwMDAwMH0sInNjaGVtYV92ZXJzaW9uIjoiMSJ9",
          "dependencies": [
            "module.download_images.aws_vpc.image_processing_lambda"
          ]
        }
      ]
    },
    {
      "module": "module.download_images",
      "mode": "managed",
      "type": "aws_subnet",
      "name": "private2_image_processing_lambda",
      "provider": "provider[\"registry.terraform.io/hashicorp/aws\"]",
      "instances": [
        {
          "schema_version": 1,
          "attributes": {
            "arn": "arn:aws:ec2:us-east-1:672446792193:subnet/subnet-0c590988c9db73e70",
            "assign_ipv6_address_on_creation": false,
            "availability_zone": "us-east-1c",
            "availability_zone_id": "use1-az1",
            "cidr_block": "10.0.3.0/24",
            "customer_owned_ipv4_pool": "",
            "enable_dns64": false,
            "enable_resource_name_dns_a_record_on_launch": false,
            "enable_resource_name_dns_aaaa_record_on_launch": false,
            "id": "subnet-0c590988c9db73e70",
            "ipv6_cidr_block": "",
            "ipv6_cidr_block_association_id": "",
            "ipv6_native": false,
            "map_customer_owned_ip_on_launch": false,
            "map_public_ip_on_launch": false,
            "outpost_arn": "",
            "owner_id": "672446792193",
            "private_dns_hostname_type_on_launch": "ip-name",
            "tags": {
              "Name": "private 2"
            },
            "tags_all": {
              "Name": "private 2"
            },
            "timeouts": null,
            "vpc_id": "vpc-034f3b140e8464f43"
          },
          "sensitive_attributes": [],
          "private": "eyJlMmJmYjczMC1lY2FhLTExZTYtOGY4OC0zNDM2M2JjN2M0YzAiOnsiY3JlYXRlIjo2MDAwMDAwMDAwMDAsImRlbGV0ZSI6MTIwMDAwMDAwMDAwMH0sInNjaGVtYV92ZXJzaW9uIjoiMSJ9",
          "dependencies": [
            "module.download_images.aws_vpc.image_processing_lambda"
          ]
        }
      ]
    },
    {
      "module": "module.download_images",
      "mode": "managed",
      "type": "aws_vpc",
      "name": "image_processing_lambda",
      "provider": "provider[\"registry.terraform.io/hashicorp/aws\"]",
      "instances": [
        {
          "schema_version": 1,
          "attributes": {
            "arn": "arn:aws:ec2:us-east-1:672446792193:vpc/vpc-034f3b140e8464f43",
            "assign_generated_ipv6_cidr_block": false,
            "cidr_block": "10.0.0.0/16",
            "default_network_acl_id": "acl-073598c44cbacff4b",
            "default_route_table_id": "rtb-0a3301d368b53e512",
            "default_security_group_id": "sg-08a37d01799d68a07",
            "dhcp_options_id": "dopt-04b61b62",
            "enable_classiclink": false,
            "enable_classiclink_dns_support": false,
            "enable_dns_hostnames": false,
            "enable_dns_support": true,
            "id": "vpc-034f3b140e8464f43",
            "instance_tenancy": "default",
            "ipv4_ipam_pool_id": null,
            "ipv4_netmask_length": null,
            "ipv6_association_id": "",
            "ipv6_cidr_block": "",
            "ipv6_cidr_block_network_border_group": "",
            "ipv6_ipam_pool_id": "",
            "ipv6_netmask_length": 0,
            "main_route_table_id": "rtb-0a3301d368b53e512",
            "owner_id": "672446792193",
            "tags": {},
            "tags_all": {}
          },
          "sensitive_attributes": [],
          "private": "eyJzY2hlbWFfdmVyc2lvbiI6IjEifQ=="
        }
      ]
    },
    {
      "module": "module.get_coordinates",
      "mode": "managed",
      "type": "aws_cloudwatch_event_rule",
      "name": "get_coordinates_once_a_day",
      "provider": "provider[\"registry.terraform.io/hashicorp/aws\"]",
      "instances": [
        {
          "schema_version": 0,
          "attributes": {
            "arn": "arn:aws:events:us-east-1:672446792193:rule/get_coordinates_once_a_day",
            "description": "Fires once a day to get_coordinates",
            "event_bus_name": "default",
            "event_pattern": null,
            "id": "get_coordinates_once_a_day",
            "is_enabled": true,
            "name": "get_coordinates_once_a_day",
            "name_prefix": "",
            "role_arn": "",
            "schedule_expression": "cron(45 15 * * ? *)",
            "tags": {},
            "tags_all": {}
          },
          "sensitive_attributes": [],
          "private": "bnVsbA=="
        }
      ]
    },
    {
      "module": "module.get_coordinates",
      "mode": "managed",
      "type": "aws_cloudwatch_event_target",
      "name": "check_get_coordinates_once_a_day",
      "provider": "provider[\"registry.terraform.io/hashicorp/aws\"]",
      "instances": [
        {
          "schema_version": 1,
          "attributes": {
            "arn": "arn:aws:lambda:us-east-1:672446792193:function:get-coordinates",
            "batch_target": [],
            "dead_letter_config": [],
            "ecs_target": [],
            "event_bus_name": "default",
            "http_target": [],
            "id": "get_coordinates_once_a_day-lambda_get_coordinates",
            "input": "",
            "input_path": "",
            "input_transformer": [],
            "kinesis_target": [],
            "redshift_target": [],
            "retry_policy": [],
            "role_arn": "",
            "rule": "get_coordinates_once_a_day",
            "run_command_targets": [],
            "sqs_target": [],
            "target_id": "lambda_get_coordinates"
          },
          "sensitive_attributes": [],
          "private": "eyJzY2hlbWFfdmVyc2lvbiI6IjEifQ==",
          "dependencies": [
            "module.get_coordinates.aws_cloudwatch_event_rule.get_coordinates_once_a_day",
            "module.get_coordinates.aws_iam_role.role_lambda_get_coordinates",
            "module.get_coordinates.aws_lambda_function.lambda_get_coordinates"
          ]
        }
      ]
    },
    {
      "module": "module.get_coordinates",
      "mode": "managed",
      "type": "aws_iam_policy",
      "name": "policy_lambda_get_coordinates",
      "provider": "provider[\"registry.terraform.io/hashicorp/aws\"]",
      "instances": [
        {
          "schema_version": 0,
          "attributes": {
            "arn": "arn:aws:iam::672446792193:policy/policy_lambda_get_coordinates",
            "description": "IAM policy for lambda_get_coordinates lambda",
            "id": "arn:aws:iam::672446792193:policy/policy_lambda_get_coordinates",
            "name": "policy_lambda_get_coordinates",
            "name_prefix": null,
            "path": "/",
            "policy": "{\"Statement\":[{\"Action\":\"logs:CreateLogGroup\",\"Effect\":\"Allow\",\"Resource\":\"arn:aws:logs:us-east-1:672446792193:*\"},{\"Action\":[\"logs:CreateLogStream\",\"logs:PutLogEvents\"],\"Effect\":\"Allow\",\"Resource\":[\"arn:aws:logs:us-east-1:672446792193:log-group:/aws/lambda/get-coordinates:*\"]},{\"Action\":[\"s3:*\"],\"Effect\":\"Allow\",\"Resource\":\"arn:aws:s3:::*\"}],\"Version\":\"2012-10-17\"}",
            "policy_id": "ANPAZZEHTYIAZDYES4UHJ",
            "tags": {},
            "tags_all": {}
          },
          "sensitive_attributes": [],
          "private": "bnVsbA=="
        }
      ]
    },
    {
      "module": "module.get_coordinates",
      "mode": "managed",
      "type": "aws_iam_role",
      "name": "role_lambda_get_coordinates",
      "provider": "provider[\"registry.terraform.io/hashicorp/aws\"]",
      "instances": [
        {
          "schema_version": 0,
          "attributes": {
            "arn": "arn:aws:iam::672446792193:role/role_lambda_get_coordinates",
            "assume_role_policy": "{\"Version\":\"2012-10-17\",\"Statement\":[{\"Sid\":\"\",\"Effect\":\"Allow\",\"Principal\":{\"Service\":\"lambda.amazonaws.com\"},\"Action\":\"sts:AssumeRole\"}]}",
            "create_date": "2022-04-07T23:37:06Z",
            "description": "",
            "force_detach_policies": false,
            "id": "role_lambda_get_coordinates",
            "inline_policy": [
              {
                "name": "",
                "policy": ""
              }
            ],
            "managed_policy_arns": [
              "arn:aws:iam::672446792193:policy/policy_lambda_get_coordinates"
            ],
            "max_session_duration": 3600,
            "name": "role_lambda_get_coordinates",
            "name_prefix": "",
            "path": "/",
            "permissions_boundary": null,
            "tags": {},
            "tags_all": {},
            "unique_id": "AROAZZEHTYIATO5OTAC6S"
          },
          "sensitive_attributes": [],
          "private": "bnVsbA=="
        }
      ]
    },
    {
      "module": "module.get_coordinates",
      "mode": "managed",
      "type": "aws_iam_role_policy_attachment",
      "name": "lambda_get_coordinates",
      "provider": "provider[\"registry.terraform.io/hashicorp/aws\"]",
      "instances": [
        {
          "schema_version": 0,
          "attributes": {
            "id": "role_lambda_get_coordinates-20220407233707353900000001",
            "policy_arn": "arn:aws:iam::672446792193:policy/policy_lambda_get_coordinates",
            "role": "role_lambda_get_coordinates"
          },
          "sensitive_attributes": [],
          "private": "bnVsbA==",
          "dependencies": [
            "module.get_coordinates.aws_iam_policy.policy_lambda_get_coordinates",
            "module.get_coordinates.aws_iam_role.role_lambda_get_coordinates"
          ]
        }
      ]
    },
    {
      "module": "module.get_coordinates",
      "mode": "managed",
      "type": "aws_lambda_function",
      "name": "lambda_get_coordinates",
      "provider": "provider[\"registry.terraform.io/hashicorp/aws\"]",
      "instances": [
        {
          "schema_version": 0,
          "attributes": {
            "architectures": [
              "x86_64"
            ],
            "arn": "arn:aws:lambda:us-east-1:672446792193:function:get-coordinates",
            "code_signing_config_arn": "",
            "dead_letter_config": [],
            "description": "",
            "environment": [],
            "file_system_config": [],
            "filename": "./modules/get-coordinates/lambda_function.zip",
            "function_name": "get-coordinates",
            "handler": "lambda_function.lambda_handler",
            "id": "get-coordinates",
            "image_config": [],
            "image_uri": "",
            "invoke_arn": "arn:aws:apigateway:us-east-1:lambda:path/2015-03-31/functions/arn:aws:lambda:us-east-1:672446792193:function:get-coordinates/invocations",
            "kms_key_arn": "",
            "last_modified": "2022-06-25T10:47:11.000+0000",
            "layers": [
              "arn:aws:lambda:us-east-1:770693421928:layer:Klayers-p38-requests:1",
              "arn:aws:lambda:us-east-1:770693421928:layer:Klayers-p38-pandas:1",
              "arn:aws:lambda:us-east-1:770693421928:layer:Klayers-p38-lxml:1"
            ],
            "memory_size": 500,
            "package_type": "Zip",
            "publish": false,
            "qualified_arn": "arn:aws:lambda:us-east-1:672446792193:function:get-coordinates:$LATEST",
            "reserved_concurrent_executions": -1,
            "role": "arn:aws:iam::672446792193:role/role_lambda_get_coordinates",
            "runtime": "python3.8",
            "s3_bucket": null,
            "s3_key": null,
            "s3_object_version": null,
            "signing_job_arn": "",
            "signing_profile_version_arn": "",
            "source_code_hash": "JFig77Wkp24ZU9FzCy8RKK9eGEcX2zLOme8Dk7h0mJQ=",
            "source_code_size": 1639,
            "tags": {},
            "tags_all": {},
            "timeout": 300,
            "timeouts": null,
            "tracing_config": [
              {
                "mode": "PassThrough"
              }
            ],
            "version": "$LATEST",
            "vpc_config": []
          },
          "sensitive_attributes": [],
          "private": "eyJlMmJmYjczMC1lY2FhLTExZTYtOGY4OC0zNDM2M2JjN2M0YzAiOnsiY3JlYXRlIjo2MDAwMDAwMDAwMDB9fQ==",
          "dependencies": [
            "module.get_coordinates.aws_iam_role.role_lambda_get_coordinates"
          ]
        }
      ]
    },
    {
      "module": "module.get_coordinates",
      "mode": "managed",
      "type": "aws_lambda_permission",
      "name": "allow_cloudwatch_to_call_get_coordinates",
      "provider": "provider[\"registry.terraform.io/hashicorp/aws\"]",
      "instances": [
        {
          "schema_version": 0,
          "attributes": {
            "action": "lambda:InvokeFunction",
            "event_source_token": null,
            "function_name": "get-coordinates",
            "id": "AllowExecutionFromCloudWatch",
            "principal": "events.amazonaws.com",
            "qualifier": "",
            "source_account": null,
            "source_arn": "arn:aws:events:us-east-1:672446792193:rule/get_coordinates_once_a_day",
            "statement_id": "AllowExecutionFromCloudWatch",
            "statement_id_prefix": null
          },
          "sensitive_attributes": [],
          "private": "bnVsbA==",
          "dependencies": [
            "module.get_coordinates.aws_cloudwatch_event_rule.get_coordinates_once_a_day",
            "module.get_coordinates.aws_iam_role.role_lambda_get_coordinates",
            "module.get_coordinates.aws_lambda_function.lambda_get_coordinates"
          ]
        }
      ]
    },
    {
      "module": "module.maintenance_code",
      "mode": "managed",
      "type": "aws_iam_policy",
      "name": "policy_lambda_maintenance_code",
      "provider": "provider[\"registry.terraform.io/hashicorp/aws\"]",
      "instances": [
        {
          "schema_version": 0,
          "attributes": {
            "arn": "arn:aws:iam::672446792193:policy/policy_lambda_maintenance_code",
            "description": "IAM policy for lambda_maintenance_code lambda",
            "id": "arn:aws:iam::672446792193:policy/policy_lambda_maintenance_code",
            "name": "policy_lambda_maintenance_code",
            "name_prefix": null,
            "path": "/",
            "policy": "{\"Statement\":[{\"Action\":\"logs:CreateLogGroup\",\"Effect\":\"Allow\",\"Resource\":\"arn:aws:logs:us-east-1:672446792193:*\"},{\"Action\":[\"logs:CreateLogStream\",\"logs:PutLogEvents\"],\"Effect\":\"Allow\",\"Resource\":[\"arn:aws:logs:us-east-1:672446792193:log-group:/aws/lambda/maintenance-code:*\"]},{\"Action\":[\"s3:*\"],\"Effect\":\"Allow\",\"Resource\":\"arn:aws:s3:::*\"}],\"Version\":\"2012-10-17\"}",
            "policy_id": "ANPAZZEHTYIAT74EXNR6J",
            "tags": {},
            "tags_all": {}
          },
          "sensitive_attributes": [],
          "private": "bnVsbA=="
        }
      ]
    },
    {
      "module": "module.maintenance_code",
      "mode": "managed",
      "type": "aws_iam_role",
      "name": "role_lambda_maintenance_code",
      "provider": "provider[\"registry.terraform.io/hashicorp/aws\"]",
      "instances": [
        {
          "schema_version": 0,
          "attributes": {
            "arn": "arn:aws:iam::672446792193:role/role_lambda_maintenance_code",
            "assume_role_policy": "{\"Version\":\"2012-10-17\",\"Statement\":[{\"Sid\":\"\",\"Effect\":\"Allow\",\"Principal\":{\"Service\":\"lambda.amazonaws.com\"},\"Action\":\"sts:AssumeRole\"}]}",
            "create_date": "2022-04-10T18:55:39Z",
            "description": "",
            "force_detach_policies": false,
            "id": "role_lambda_maintenance_code",
            "inline_policy": [
              {
                "name": "",
                "policy": ""
              }
            ],
            "managed_policy_arns": [
              "arn:aws:iam::672446792193:policy/policy_lambda_maintenance_code"
            ],
            "max_session_duration": 3600,
            "name": "role_lambda_maintenance_code",
            "name_prefix": "",
            "path": "/",
            "permissions_boundary": null,
            "tags": {},
            "tags_all": {},
            "unique_id": "AROAZZEHTYIATHAHK5GZD"
          },
          "sensitive_attributes": [],
          "private": "bnVsbA=="
        }
      ]
    },
    {
      "module": "module.maintenance_code",
      "mode": "managed",
      "type": "aws_iam_role_policy_attachment",
      "name": "lambda_maintenance_code_logs",
      "provider": "provider[\"registry.terraform.io/hashicorp/aws\"]",
      "instances": [
        {
          "schema_version": 0,
          "attributes": {
            "id": "role_lambda_maintenance_code-20220410185540079300000001",
            "policy_arn": "arn:aws:iam::672446792193:policy/policy_lambda_maintenance_code",
            "role": "role_lambda_maintenance_code"
          },
          "sensitive_attributes": [],
          "private": "bnVsbA==",
          "dependencies": [
            "module.maintenance_code.aws_iam_policy.policy_lambda_maintenance_code",
            "module.maintenance_code.aws_iam_role.role_lambda_maintenance_code"
          ]
        }
      ]
    },
    {
      "module": "module.maintenance_code",
      "mode": "managed",
      "type": "aws_lambda_function",
      "name": "lambda_maintenance_code",
      "provider": "provider[\"registry.terraform.io/hashicorp/aws\"]",
      "instances": [
        {
          "schema_version": 0,
          "attributes": {
            "architectures": [
              "x86_64"
            ],
            "arn": "arn:aws:lambda:us-east-1:672446792193:function:maintenance-code",
            "code_signing_config_arn": "",
            "dead_letter_config": [],
            "description": "",
            "environment": [],
            "file_system_config": [],
            "filename": "./modules/maintenance_code/lambda_function.zip",
            "function_name": "maintenance-code",
            "handler": "lambda_function.lambda_handler",
            "id": "maintenance-code",
            "image_config": [],
            "image_uri": "",
            "invoke_arn": "arn:aws:apigateway:us-east-1:lambda:path/2015-03-31/functions/arn:aws:lambda:us-east-1:672446792193:function:maintenance-code/invocations",
            "kms_key_arn": "",
            "last_modified": "2022-04-19T11:54:35.000+0000",
            "layers": [
              "arn:aws:lambda:us-east-1:770693421928:layer:Klayers-p38-requests:1",
              "arn:aws:lambda:us-east-1:770693421928:layer:Klayers-p38-pandas:1",
              "arn:aws:lambda:us-east-1:770693421928:layer:Klayers-p38-lxml:1"
            ],
            "memory_size": 500,
            "package_type": "Zip",
            "publish": false,
            "qualified_arn": "arn:aws:lambda:us-east-1:672446792193:function:maintenance-code:$LATEST",
            "reserved_concurrent_executions": -1,
            "role": "arn:aws:iam::672446792193:role/role_lambda_maintenance_code",
            "runtime": "python3.8",
            "s3_bucket": null,
            "s3_key": null,
            "s3_object_version": null,
            "signing_job_arn": "",
            "signing_profile_version_arn": "",
            "source_code_hash": "qc+8gN98/H9EDZOxhClKk5klDieBji7pfnlm8NDu1Uo=",
            "source_code_size": 889,
            "tags": {},
            "tags_all": {},
            "timeout": 300,
            "timeouts": null,
            "tracing_config": [
              {
                "mode": "PassThrough"
              }
            ],
            "version": "$LATEST",
            "vpc_config": []
          },
          "sensitive_attributes": [],
          "private": "eyJlMmJmYjczMC1lY2FhLTExZTYtOGY4OC0zNDM2M2JjN2M0YzAiOnsiY3JlYXRlIjo2MDAwMDAwMDAwMDB9fQ==",
          "dependencies": [
            "module.maintenance_code.aws_iam_role.role_lambda_maintenance_code"
          ]
        }
      ]
    },
    {
      "module": "module.metadatazone",
      "mode": "managed",
      "type": "aws_s3_bucket",
      "name": "base",
      "provider": "provider[\"registry.terraform.io/hashicorp/aws\"]",
      "instances": [
        {
          "schema_version": 0,
          "attributes": {
            "acceleration_status": "",
            "acl": "private",
            "arn": "arn:aws:s3:::peeeq-datalake-metadata-zone",
            "bucket": "peeeq-datalake-metadata-zone",
            "bucket_domain_name": "peeeq-datalake-metadata-zone.s3.amazonaws.com",
            "bucket_prefix": null,
            "bucket_regional_domain_name": "peeeq-datalake-metadata-zone.s3.amazonaws.com",
            "cors_rule": [],
            "force_destroy": false,
            "grant": [],
            "hosted_zone_id": "Z3AQBSTGFYJSTF",
            "id": "peeeq-datalake-metadata-zone",
            "lifecycle_rule": [],
            "logging": [],
            "object_lock_configuration": [],
            "object_lock_enabled": false,
            "policy": "",
            "region": "us-east-1",
            "replication_configuration": [],
            "request_payer": "BucketOwner",
            "server_side_encryption_configuration": [],
            "tags": {},
            "tags_all": {},
            "versioning": [
              {
                "enabled": false,
                "mfa_delete": false
              }
            ],
            "website": [],
            "website_domain": null,
            "website_endpoint": null
          },
          "sensitive_attributes": [],
          "private": "bnVsbA=="
        }
      ]
    },
    {
      "module": "module.metadatazone",
      "mode": "managed",
      "type": "aws_s3_bucket_acl",
      "name": "base_acls",
      "provider": "provider[\"registry.terraform.io/hashicorp/aws\"]",
      "instances": [
        {
          "schema_version": 0,
          "attributes": {
            "access_control_policy": [
              {
                "grant": [
                  {
                    "grantee": [
                      {
                        "display_name": "averma03",
                        "email_address": "",
                        "id": "2649c0ff1dceb2648f1896733feb6fcd75a4f5d68fe144dfd7836f5893f1b5ac",
                        "type": "CanonicalUser",
                        "uri": ""
                      }
                    ],
                    "permission": "FULL_CONTROL"
                  }
                ],
                "owner": [
                  {
                    "display_name": "averma03",
                    "id": "2649c0ff1dceb2648f1896733feb6fcd75a4f5d68fe144dfd7836f5893f1b5ac"
                  }
                ]
              }
            ],
            "acl": "private",
            "bucket": "peeeq-datalake-metadata-zone",
            "expected_bucket_owner": "",
            "id": "peeeq-datalake-metadata-zone,private"
          },
          "sensitive_attributes": [],
          "private": "bnVsbA==",
          "dependencies": [
            "module.metadatazone.aws_s3_bucket.base"
          ]
        }
      ]
    },
    {
      "module": "module.organizedzone",
      "mode": "managed",
      "type": "aws_s3_bucket",
      "name": "base",
      "provider": "provider[\"registry.terraform.io/hashicorp/aws\"]",
      "instances": [
        {
          "schema_version": 0,
          "attributes": {
            "acceleration_status": "",
            "acl": "private",
            "arn": "arn:aws:s3:::peeeq-datalake-organized-zone",
            "bucket": "peeeq-datalake-organized-zone",
            "bucket_domain_name": "peeeq-datalake-organized-zone.s3.amazonaws.com",
            "bucket_prefix": null,
            "bucket_regional_domain_name": "peeeq-datalake-organized-zone.s3.amazonaws.com",
            "cors_rule": [],
            "force_destroy": false,
            "grant": [],
            "hosted_zone_id": "Z3AQBSTGFYJSTF",
            "id": "peeeq-datalake-organized-zone",
            "lifecycle_rule": [],
            "logging": [],
            "object_lock_configuration": [],
            "object_lock_enabled": false,
            "policy": "",
            "region": "us-east-1",
            "replication_configuration": [],
            "request_payer": "BucketOwner",
            "server_side_encryption_configuration": [],
            "tags": {},
            "tags_all": {},
            "versioning": [
              {
                "enabled": false,
                "mfa_delete": false
              }
            ],
            "website": [],
            "website_domain": null,
            "website_endpoint": null
          },
          "sensitive_attributes": [],
          "private": "bnVsbA=="
        }
      ]
    },
    {
      "module": "module.organizedzone",
      "mode": "managed",
      "type": "aws_s3_bucket_acl",
      "name": "base_acls",
      "provider": "provider[\"registry.terraform.io/hashicorp/aws\"]",
      "instances": [
        {
          "schema_version": 0,
          "attributes": {
            "access_control_policy": [
              {
                "grant": [
                  {
                    "grantee": [
                      {
                        "display_name": "averma03",
                        "email_address": "",
                        "id": "2649c0ff1dceb2648f1896733feb6fcd75a4f5d68fe144dfd7836f5893f1b5ac",
                        "type": "CanonicalUser",
                        "uri": ""
                      }
                    ],
                    "permission": "FULL_CONTROL"
                  }
                ],
                "owner": [
                  {
                    "display_name": "averma03",
                    "id": "2649c0ff1dceb2648f1896733feb6fcd75a4f5d68fe144dfd7836f5893f1b5ac"
                  }
                ]
              }
            ],
            "acl": "private",
            "bucket": "peeeq-datalake-organized-zone",
            "expected_bucket_owner": "",
            "id": "peeeq-datalake-organized-zone,private"
          },
          "sensitive_attributes": [],
          "private": "bnVsbA==",
          "dependencies": [
            "module.organizedzone.aws_s3_bucket.base"
          ]
        }
      ]
    },
    {
      "module": "module.process_syracuse_data",
      "mode": "managed",
      "type": "aws_cloudwatch_event_rule",
      "name": "process_syracuse_data_once_a_day",
      "provider": "provider[\"registry.terraform.io/hashicorp/aws\"]",
      "instances": [
        {
          "schema_version": 0,
          "attributes": {
            "arn": "arn:aws:events:us-east-1:672446792193:rule/process_syracuse_once_a_days",
            "description": "Fires once a day to scrape data in syracuse",
            "event_bus_name": "default",
            "event_pattern": null,
            "id": "process_syracuse_once_a_days",
            "is_enabled": true,
            "name": "process_syracuse_once_a_days",
            "name_prefix": "",
            "role_arn": "",
            "schedule_expression": "cron(30 15 * * ? *)",
            "tags": {},
            "tags_all": {}
          },
          "sensitive_attributes": [],
          "private": "bnVsbA=="
        }
      ]
    },
    {
      "module": "module.process_syracuse_data",
      "mode": "managed",
      "type": "aws_cloudwatch_event_target",
      "name": "check_process_syracuse_data_once_a_day",
      "provider": "provider[\"registry.terraform.io/hashicorp/aws\"]",
      "instances": [
        {
          "schema_version": 1,
          "attributes": {
            "arn": "arn:aws:lambda:us-east-1:672446792193:function:process-syracuse-data-raw-to-orgzone",
            "batch_target": [],
            "dead_letter_config": [],
            "ecs_target": [],
            "event_bus_name": "default",
            "http_target": [],
            "id": "process_syracuse_once_a_days-lambda_scrape_funknwaffles",
            "input": "",
            "input_path": "",
            "input_transformer": [],
            "kinesis_target": [],
            "redshift_target": [],
            "retry_policy": [],
            "role_arn": "",
            "rule": "process_syracuse_once_a_days",
            "run_command_targets": [],
            "sqs_target": [],
            "target_id": "lambda_scrape_funknwaffles"
          },
          "sensitive_attributes": [],
          "private": "eyJzY2hlbWFfdmVyc2lvbiI6IjEifQ==",
          "dependencies": [
            "module.process_syracuse_data.aws_cloudwatch_event_rule.process_syracuse_data_once_a_day",
            "module.process_syracuse_data.aws_iam_role.role_lambda_process_syracuse_data",
            "module.process_syracuse_data.aws_lambda_function.lambda_process_syracuse_data"
          ]
        }
      ]
    },
    {
      "module": "module.process_syracuse_data",
      "mode": "managed",
      "type": "aws_iam_policy",
      "name": "policy_lambda_process_syracuse_data",
      "provider": "provider[\"registry.terraform.io/hashicorp/aws\"]",
      "instances": [
        {
          "schema_version": 0,
          "attributes": {
            "arn": "arn:aws:iam::672446792193:policy/policy_lambda_process_syracuse_data",
            "description": "IAM policy for lambda_process_syracuse_data lambda",
            "id": "arn:aws:iam::672446792193:policy/policy_lambda_process_syracuse_data",
            "name": "policy_lambda_process_syracuse_data",
            "name_prefix": null,
            "path": "/",
            "policy": "{\"Statement\":[{\"Action\":\"logs:CreateLogGroup\",\"Effect\":\"Allow\",\"Resource\":\"arn:aws:logs:us-east-1:672446792193:*\"},{\"Action\":[\"logs:CreateLogStream\",\"logs:PutLogEvents\"],\"Effect\":\"Allow\",\"Resource\":[\"arn:aws:logs:us-east-1:672446792193:log-group:/aws/lambda/process-syracuse-data-raw-to-orgzone:*\"]},{\"Action\":[\"s3:*\"],\"Effect\":\"Allow\",\"Resource\":\"arn:aws:s3:::*\"}],\"Version\":\"2012-10-17\"}",
            "policy_id": "ANPAZZEHTYIAUZVFPIO7E",
            "tags": {},
            "tags_all": {}
          },
          "sensitive_attributes": [],
          "private": "bnVsbA=="
        }
      ]
    },
    {
      "module": "module.process_syracuse_data",
      "mode": "managed",
      "type": "aws_iam_role",
      "name": "role_lambda_process_syracuse_data",
      "provider": "provider[\"registry.terraform.io/hashicorp/aws\"]",
      "instances": [
        {
          "schema_version": 0,
          "attributes": {
            "arn": "arn:aws:iam::672446792193:role/role_lambda_process_syracuse_data",
            "assume_role_policy": "{\"Version\":\"2012-10-17\",\"Statement\":[{\"Sid\":\"\",\"Effect\":\"Allow\",\"Principal\":{\"Service\":\"lambda.amazonaws.com\"},\"Action\":\"sts:AssumeRole\"}]}",
            "create_date": "2022-03-22T23:56:20Z",
            "description": "",
            "force_detach_policies": false,
            "id": "role_lambda_process_syracuse_data",
            "inline_policy": [
              {
                "name": "",
                "policy": ""
              }
            ],
            "managed_policy_arns": [
              "arn:aws:iam::672446792193:policy/policy_lambda_process_syracuse_data"
            ],
            "max_session_duration": 3600,
            "name": "role_lambda_process_syracuse_data",
            "name_prefix": "",
            "path": "/",
            "permissions_boundary": null,
            "tags": {},
            "tags_all": {},
            "unique_id": "AROAZZEHTYIA7R5WGFNUY"
          },
          "sensitive_attributes": [],
          "private": "bnVsbA=="
        }
      ]
    },
    {
      "module": "module.process_syracuse_data",
      "mode": "managed",
      "type": "aws_iam_role_policy_attachment",
      "name": "lambda_process_syracuse_data_logs",
      "provider": "provider[\"registry.terraform.io/hashicorp/aws\"]",
      "instances": [
        {
          "schema_version": 0,
          "attributes": {
            "id": "role_lambda_process_syracuse_data-20220322235621229400000001",
            "policy_arn": "arn:aws:iam::672446792193:policy/policy_lambda_process_syracuse_data",
            "role": "role_lambda_process_syracuse_data"
          },
          "sensitive_attributes": [],
          "private": "bnVsbA==",
          "dependencies": [
            "module.process_syracuse_data.aws_iam_policy.policy_lambda_process_syracuse_data",
            "module.process_syracuse_data.aws_iam_role.role_lambda_process_syracuse_data"
          ]
        }
      ]
    },
    {
      "module": "module.process_syracuse_data",
      "mode": "managed",
      "type": "aws_lambda_function",
      "name": "lambda_process_syracuse_data",
      "provider": "provider[\"registry.terraform.io/hashicorp/aws\"]",
      "instances": [
        {
          "schema_version": 0,
          "attributes": {
            "architectures": [
              "x86_64"
            ],
            "arn": "arn:aws:lambda:us-east-1:672446792193:function:process-syracuse-data-raw-to-orgzone",
            "code_signing_config_arn": "",
            "dead_letter_config": [],
            "description": "",
            "environment": [],
            "file_system_config": [],
            "filename": "./modules/data_processing/process_syracuse_data/lambda_function.zip",
            "function_name": "process-syracuse-data-raw-to-orgzone",
            "handler": "lambda_function.lambda_handler",
            "id": "process-syracuse-data-raw-to-orgzone",
            "image_config": [],
            "image_uri": "",
            "invoke_arn": "arn:aws:apigateway:us-east-1:lambda:path/2015-03-31/functions/arn:aws:lambda:us-east-1:672446792193:function:process-syracuse-data-raw-to-orgzone/invocations",
            "kms_key_arn": "",
            "last_modified": "2022-05-28T14:14:24.000+0000",
            "layers": [
              "arn:aws:lambda:us-east-1:770693421928:layer:Klayers-p38-pandas:1",
              "arn:aws:lambda:us-east-1:770693421928:layer:Klayers-p38-lxml:1"
            ],
            "memory_size": 1024,
            "package_type": "Zip",
            "publish": false,
            "qualified_arn": "arn:aws:lambda:us-east-1:672446792193:function:process-syracuse-data-raw-to-orgzone:$LATEST",
            "reserved_concurrent_executions": -1,
            "role": "arn:aws:iam::672446792193:role/role_lambda_process_syracuse_data",
            "runtime": "python3.8",
            "s3_bucket": null,
            "s3_key": null,
            "s3_object_version": null,
            "signing_job_arn": "",
            "signing_profile_version_arn": "",
            "source_code_hash": "c9KFWYa3bvnTlPLDKuDBR2b0anVQXq6X4ORxUBk2AXI=",
            "source_code_size": 1908,
            "tags": {},
            "tags_all": {},
            "timeout": 600,
            "timeouts": null,
            "tracing_config": [
              {
                "mode": "PassThrough"
              }
            ],
            "version": "$LATEST",
            "vpc_config": []
          },
          "sensitive_attributes": [],
          "private": "eyJlMmJmYjczMC1lY2FhLTExZTYtOGY4OC0zNDM2M2JjN2M0YzAiOnsiY3JlYXRlIjo2MDAwMDAwMDAwMDB9fQ==",
          "dependencies": [
            "module.process_syracuse_data.aws_iam_role.role_lambda_process_syracuse_data"
          ]
        }
      ]
    },
    {
      "module": "module.process_syracuse_data",
      "mode": "managed",
      "type": "aws_lambda_permission",
      "name": "allow_cloudwatch_to_call_process_syracuse_data",
      "provider": "provider[\"registry.terraform.io/hashicorp/aws\"]",
      "instances": [
        {
          "schema_version": 0,
          "attributes": {
            "action": "lambda:InvokeFunction",
            "event_source_token": null,
            "function_name": "process-syracuse-data-raw-to-orgzone",
            "id": "AllowExecutionFromCloudWatch",
            "principal": "events.amazonaws.com",
            "qualifier": "",
            "source_account": null,
            "source_arn": "arn:aws:events:us-east-1:672446792193:rule/process_syracuse_once_a_days",
            "statement_id": "AllowExecutionFromCloudWatch",
            "statement_id_prefix": null
          },
          "sensitive_attributes": [],
          "private": "bnVsbA==",
          "dependencies": [
            "module.process_syracuse_data.aws_cloudwatch_event_rule.process_syracuse_data_once_a_day",
            "module.process_syracuse_data.aws_iam_role.role_lambda_process_syracuse_data",
            "module.process_syracuse_data.aws_lambda_function.lambda_process_syracuse_data"
          ]
        }
      ]
    },
    {
      "module": "module.process_syracuse_data_devtest",
      "mode": "managed",
      "type": "aws_cloudwatch_event_rule",
      "name": "process_syracuse_data_once_a_day_devtest",
      "provider": "provider[\"registry.terraform.io/hashicorp/aws\"]",
      "instances": [
        {
          "schema_version": 0,
          "attributes": {
            "arn": "arn:aws:events:us-east-1:672446792193:rule/process_syracuse_once_a_days_devtest",
            "description": "Fires once a day to scrape data in syracuse",
            "event_bus_name": "default",
            "event_pattern": null,
            "id": "process_syracuse_once_a_days_devtest",
            "is_enabled": true,
            "name": "process_syracuse_once_a_days_devtest",
            "name_prefix": "",
            "role_arn": "",
            "schedule_expression": "cron(30 15 * * ? *)",
            "tags": {},
            "tags_all": {}
          },
          "sensitive_attributes": [],
          "private": "bnVsbA=="
        }
      ]
    },
    {
      "module": "module.process_syracuse_data_devtest",
      "mode": "managed",
      "type": "aws_cloudwatch_event_target",
      "name": "check_process_syracuse_data_once_a_day_devtest",
      "provider": "provider[\"registry.terraform.io/hashicorp/aws\"]",
      "instances": [
        {
          "schema_version": 1,
          "attributes": {
            "arn": "arn:aws:lambda:us-east-1:672446792193:function:process-syracuse-data-raw-to-orgzone-devtest",
            "batch_target": [],
            "dead_letter_config": [],
            "ecs_target": [],
            "event_bus_name": "default",
            "http_target": [],
            "id": "process_syracuse_once_a_days_devtest-lambda_scrape_funknwaffles_devtest",
            "input": "",
            "input_path": "",
            "input_transformer": [],
            "kinesis_target": [],
            "redshift_target": [],
            "retry_policy": [],
            "role_arn": "",
            "rule": "process_syracuse_once_a_days_devtest",
            "run_command_targets": [],
            "sqs_target": [],
            "target_id": "lambda_scrape_funknwaffles_devtest"
          },
          "sensitive_attributes": [],
          "private": "eyJzY2hlbWFfdmVyc2lvbiI6IjEifQ==",
          "dependencies": [
            "module.process_syracuse_data_devtest.aws_cloudwatch_event_rule.process_syracuse_data_once_a_day_devtest",
            "module.process_syracuse_data_devtest.aws_iam_role.role_lambda_process_syracuse_data_devtest",
            "module.process_syracuse_data_devtest.aws_lambda_function.lambda_process_syracuse_data_devtest"
          ]
        }
      ]
    },
    {
      "module": "module.process_syracuse_data_devtest",
      "mode": "managed",
      "type": "aws_iam_policy",
      "name": "policy_lambda_process_syracuse_data_devtest",
      "provider": "provider[\"registry.terraform.io/hashicorp/aws\"]",
      "instances": [
        {
          "schema_version": 0,
          "attributes": {
            "arn": "arn:aws:iam::672446792193:policy/policy_lambda_process_syracuse_data_devtest",
            "description": "IAM policy for lambda_process_syracuse_data_devtest lambda",
            "id": "arn:aws:iam::672446792193:policy/policy_lambda_process_syracuse_data_devtest",
            "name": "policy_lambda_process_syracuse_data_devtest",
            "name_prefix": null,
            "path": "/",
            "policy": "{\"Statement\":[{\"Action\":\"logs:CreateLogGroup\",\"Effect\":\"Allow\",\"Resource\":\"arn:aws:logs:us-east-1:672446792193:*\"},{\"Action\":[\"logs:CreateLogStream\",\"logs:PutLogEvents\"],\"Effect\":\"Allow\",\"Resource\":[\"arn:aws:logs:us-east-1:672446792193:log-group:/aws/lambda/process-syracuse-data-raw-to-orgzone-devtest:*\"]},{\"Action\":[\"s3:*\"],\"Effect\":\"Allow\",\"Resource\":\"arn:aws:s3:::*\"}],\"Version\":\"2012-10-17\"}",
            "policy_id": "ANPAZZEHTYIAYJ2MHRFS2",
            "tags": {},
            "tags_all": {}
          },
          "sensitive_attributes": [],
          "private": "bnVsbA=="
        }
      ]
    },
    {
      "module": "module.process_syracuse_data_devtest",
      "mode": "managed",
      "type": "aws_iam_role",
      "name": "role_lambda_process_syracuse_data_devtest",
      "provider": "provider[\"registry.terraform.io/hashicorp/aws\"]",
      "instances": [
        {
          "schema_version": 0,
          "attributes": {
            "arn": "arn:aws:iam::672446792193:role/role_lambda_process_syracuse_data_devtest",
            "assume_role_policy": "{\"Version\":\"2012-10-17\",\"Statement\":[{\"Sid\":\"\",\"Effect\":\"Allow\",\"Principal\":{\"Service\":\"lambda.amazonaws.com\"},\"Action\":\"sts:AssumeRole\"}]}",
            "create_date": "2022-05-12T19:47:03Z",
            "description": "",
            "force_detach_policies": false,
            "id": "role_lambda_process_syracuse_data_devtest",
            "inline_policy": [
              {
                "name": "",
                "policy": ""
              }
            ],
            "managed_policy_arns": [
              "arn:aws:iam::672446792193:policy/policy_lambda_process_syracuse_data_devtest"
            ],
            "max_session_duration": 3600,
            "name": "role_lambda_process_syracuse_data_devtest",
            "name_prefix": "",
            "path": "/",
            "permissions_boundary": null,
            "tags": {},
            "tags_all": {},
            "unique_id": "AROAZZEHTYIAUSHJ3LHPB"
          },
          "sensitive_attributes": [],
          "private": "bnVsbA=="
        }
      ]
    },
    {
      "module": "module.process_syracuse_data_devtest",
      "mode": "managed",
      "type": "aws_iam_role_policy_attachment",
      "name": "lambda_process_syracuse_data_logs_devtest",
      "provider": "provider[\"registry.terraform.io/hashicorp/aws\"]",
      "instances": [
        {
          "schema_version": 0,
          "attributes": {
            "id": "role_lambda_process_syracuse_data_devtest-20220512194703851700000001",
            "policy_arn": "arn:aws:iam::672446792193:policy/policy_lambda_process_syracuse_data_devtest",
            "role": "role_lambda_process_syracuse_data_devtest"
          },
          "sensitive_attributes": [],
          "private": "bnVsbA==",
          "dependencies": [
            "module.process_syracuse_data_devtest.aws_iam_policy.policy_lambda_process_syracuse_data_devtest",
            "module.process_syracuse_data_devtest.aws_iam_role.role_lambda_process_syracuse_data_devtest"
          ]
        }
      ]
    },
    {
      "module": "module.process_syracuse_data_devtest",
      "mode": "managed",
      "type": "aws_lambda_function",
      "name": "lambda_process_syracuse_data_devtest",
      "provider": "provider[\"registry.terraform.io/hashicorp/aws\"]",
      "instances": [
        {
          "schema_version": 0,
          "attributes": {
            "architectures": [
              "x86_64"
            ],
            "arn": "arn:aws:lambda:us-east-1:672446792193:function:process-syracuse-data-raw-to-orgzone-devtest",
            "code_signing_config_arn": "",
            "dead_letter_config": [],
            "description": "",
            "environment": [],
            "file_system_config": [],
            "filename": "./modules/data_processing/process_syracuse_data_devtest/lambda_function.zip",
            "function_name": "process-syracuse-data-raw-to-orgzone-devtest",
            "handler": "lambda_function.lambda_handler",
            "id": "process-syracuse-data-raw-to-orgzone-devtest",
            "image_config": [],
            "image_uri": "",
            "invoke_arn": "arn:aws:apigateway:us-east-1:lambda:path/2015-03-31/functions/arn:aws:lambda:us-east-1:672446792193:function:process-syracuse-data-raw-to-orgzone-devtest/invocations",
            "kms_key_arn": "",
            "last_modified": "2022-08-31T23:45:21.000+0000",
            "layers": [
              "arn:aws:lambda:us-east-1:770693421928:layer:Klayers-p38-pandas:1",
              "arn:aws:lambda:us-east-1:770693421928:layer:Klayers-p38-lxml:1"
            ],
            "memory_size": 1024,
            "package_type": "Zip",
            "publish": false,
            "qualified_arn": "arn:aws:lambda:us-east-1:672446792193:function:process-syracuse-data-raw-to-orgzone-devtest:$LATEST",
            "reserved_concurrent_executions": -1,
            "role": "arn:aws:iam::672446792193:role/role_lambda_process_syracuse_data_devtest",
            "runtime": "python3.8",
            "s3_bucket": null,
            "s3_key": null,
            "s3_object_version": null,
            "signing_job_arn": "",
            "signing_profile_version_arn": "",
            "source_code_hash": "VzHxNcoqIPe9O8VPQxJ/zU33OwASBRISkmERJs3hsYc=",
            "source_code_size": 2458,
            "tags": {},
            "tags_all": {},
            "timeout": 600,
            "timeouts": null,
            "tracing_config": [
              {
                "mode": "PassThrough"
              }
            ],
            "version": "$LATEST",
            "vpc_config": []
          },
          "sensitive_attributes": [],
          "private": "eyJlMmJmYjczMC1lY2FhLTExZTYtOGY4OC0zNDM2M2JjN2M0YzAiOnsiY3JlYXRlIjo2MDAwMDAwMDAwMDB9fQ==",
          "dependencies": [
            "module.process_syracuse_data_devtest.aws_iam_role.role_lambda_process_syracuse_data_devtest"
          ]
        }
      ]
    },
    {
      "module": "module.process_syracuse_data_devtest",
      "mode": "managed",
      "type": "aws_lambda_permission",
      "name": "allow_cloudwatch_to_call_process_syracuse_data_devtest",
      "provider": "provider[\"registry.terraform.io/hashicorp/aws\"]",
      "instances": [
        {
          "schema_version": 0,
          "attributes": {
            "action": "lambda:InvokeFunction",
            "event_source_token": null,
            "function_name": "process-syracuse-data-raw-to-orgzone-devtest",
            "id": "AllowExecutionFromCloudWatch",
            "principal": "events.amazonaws.com",
            "qualifier": "",
            "source_account": null,
            "source_arn": "arn:aws:events:us-east-1:672446792193:rule/process_syracuse_once_a_days_devtest",
            "statement_id": "AllowExecutionFromCloudWatch",
            "statement_id_prefix": null
          },
          "sensitive_attributes": [],
          "private": "bnVsbA==",
          "dependencies": [
            "module.process_syracuse_data_devtest.aws_cloudwatch_event_rule.process_syracuse_data_once_a_day_devtest",
            "module.process_syracuse_data_devtest.aws_iam_role.role_lambda_process_syracuse_data_devtest",
            "module.process_syracuse_data_devtest.aws_lambda_function.lambda_process_syracuse_data_devtest"
          ]
        }
      ]
    },
    {
      "module": "module.rawzone",
      "mode": "managed",
      "type": "aws_s3_bucket",
      "name": "base",
      "provider": "provider[\"registry.terraform.io/hashicorp/aws\"]",
      "instances": [
        {
          "schema_version": 0,
          "attributes": {
            "acceleration_status": "",
            "acl": "private",
            "arn": "arn:aws:s3:::peeeq-datalake-raw-zone",
            "bucket": "peeeq-datalake-raw-zone",
            "bucket_domain_name": "peeeq-datalake-raw-zone.s3.amazonaws.com",
            "bucket_prefix": null,
            "bucket_regional_domain_name": "peeeq-datalake-raw-zone.s3.amazonaws.com",
            "cors_rule": [],
            "force_destroy": false,
            "grant": [],
            "hosted_zone_id": "Z3AQBSTGFYJSTF",
            "id": "peeeq-datalake-raw-zone",
            "lifecycle_rule": [],
            "logging": [],
            "object_lock_configuration": [],
            "object_lock_enabled": false,
            "policy": "",
            "region": "us-east-1",
            "replication_configuration": [],
            "request_payer": "BucketOwner",
            "server_side_encryption_configuration": [],
            "tags": {},
            "tags_all": {},
            "versioning": [
              {
                "enabled": false,
                "mfa_delete": false
              }
            ],
            "website": [],
            "website_domain": null,
            "website_endpoint": null
          },
          "sensitive_attributes": [],
          "private": "bnVsbA=="
        }
      ]
    },
    {
      "module": "module.rawzone",
      "mode": "managed",
      "type": "aws_s3_bucket_acl",
      "name": "base_acls",
      "provider": "provider[\"registry.terraform.io/hashicorp/aws\"]",
      "instances": [
        {
          "schema_version": 0,
          "attributes": {
            "access_control_policy": [
              {
                "grant": [
                  {
                    "grantee": [
                      {
                        "display_name": "averma03",
                        "email_address": "",
                        "id": "2649c0ff1dceb2648f1896733feb6fcd75a4f5d68fe144dfd7836f5893f1b5ac",
                        "type": "CanonicalUser",
                        "uri": ""
                      }
                    ],
                    "permission": "FULL_CONTROL"
                  }
                ],
                "owner": [
                  {
                    "display_name": "averma03",
                    "id": "2649c0ff1dceb2648f1896733feb6fcd75a4f5d68fe144dfd7836f5893f1b5ac"
                  }
                ]
              }
            ],
            "acl": "private",
            "bucket": "peeeq-datalake-raw-zone",
            "expected_bucket_owner": "",
            "id": "peeeq-datalake-raw-zone,private"
          },
          "sensitive_attributes": [],
          "private": "bnVsbA==",
          "dependencies": [
            "module.rawzone.aws_s3_bucket.base"
          ]
        }
      ]
    },
    {
      "module": "module.scrape_cnyarts",
      "mode": "managed",
      "type": "aws_cloudwatch_event_rule",
      "name": "scrape_cnyarts_once_a_day",
      "provider": "provider[\"registry.terraform.io/hashicorp/aws\"]",
      "instances": [
        {
          "schema_version": 0,
          "attributes": {
            "arn": "arn:aws:events:us-east-1:672446792193:rule/scrape_cnyarts_once_a_day",
            "description": "Fires once a day to scrape cnyarts",
            "event_bus_name": "default",
            "event_pattern": null,
            "id": "scrape_cnyarts_once_a_day",
            "is_enabled": true,
            "name": "scrape_cnyarts_once_a_day",
            "name_prefix": "",
            "role_arn": "",
            "schedule_expression": "cron(00 15 * * ? *)",
            "tags": {},
            "tags_all": {}
          },
          "sensitive_attributes": [],
          "private": "bnVsbA=="
        }
      ]
    },
    {
      "module": "module.scrape_cnyarts",
      "mode": "managed",
      "type": "aws_cloudwatch_event_target",
      "name": "check_scrape_cnyarts_once_a_day",
      "provider": "provider[\"registry.terraform.io/hashicorp/aws\"]",
      "instances": [
        {
          "schema_version": 1,
          "attributes": {
            "arn": "arn:aws:lambda:us-east-1:672446792193:function:scrape-cnyarts-to-rawzone",
            "batch_target": [],
            "dead_letter_config": [],
            "ecs_target": [],
            "event_bus_name": "default",
            "http_target": [],
            "id": "scrape_cnyarts_once_a_day-lambda_scrape_cnyarts",
            "input": "",
            "input_path": "",
            "input_transformer": [],
            "kinesis_target": [],
            "redshift_target": [],
            "retry_policy": [],
            "role_arn": "",
            "rule": "scrape_cnyarts_once_a_day",
            "run_command_targets": [],
            "sqs_target": [],
            "target_id": "lambda_scrape_cnyarts"
          },
          "sensitive_attributes": [],
          "private": "eyJzY2hlbWFfdmVyc2lvbiI6IjEifQ==",
          "dependencies": [
            "module.scrape_cnyarts.aws_cloudwatch_event_rule.scrape_cnyarts_once_a_day",
            "module.scrape_cnyarts.aws_iam_role.role_lambda_scrape_cnyarts",
            "module.scrape_cnyarts.aws_lambda_function.lambda_scrape_cnyarts"
          ]
        }
      ]
    },
    {
      "module": "module.scrape_cnyarts",
      "mode": "managed",
      "type": "aws_iam_policy",
      "name": "policy_lambda_scrape_cnyarts",
      "provider": "provider[\"registry.terraform.io/hashicorp/aws\"]",
      "instances": [
        {
          "schema_version": 0,
          "attributes": {
            "arn": "arn:aws:iam::672446792193:policy/policy_lambda_scrape_cnyarts",
            "description": "IAM policy for lambda_scrape_cnyarts lambda",
            "id": "arn:aws:iam::672446792193:policy/policy_lambda_scrape_cnyarts",
            "name": "policy_lambda_scrape_cnyarts",
            "name_prefix": null,
            "path": "/",
            "policy": "{\"Statement\":[{\"Action\":\"logs:CreateLogGroup\",\"Effect\":\"Allow\",\"Resource\":\"arn:aws:logs:us-east-1:672446792193:*\"},{\"Action\":[\"logs:CreateLogStream\",\"logs:PutLogEvents\"],\"Effect\":\"Allow\",\"Resource\":[\"arn:aws:logs:us-east-1:672446792193:log-group:/aws/lambda/scrape-cnyarts-to-rawzone:*\"]},{\"Action\":[\"s3:*\"],\"Effect\":\"Allow\",\"Resource\":\"arn:aws:s3:::*\"}],\"Version\":\"2012-10-17\"}",
            "policy_id": "ANPAZZEHTYIA2NEI7JKPR",
            "tags": {},
            "tags_all": {}
          },
          "sensitive_attributes": [],
          "private": "bnVsbA=="
        }
      ]
    },
    {
      "module": "module.scrape_cnyarts",
      "mode": "managed",
      "type": "aws_iam_role",
      "name": "role_lambda_scrape_cnyarts",
      "provider": "provider[\"registry.terraform.io/hashicorp/aws\"]",
      "instances": [
        {
          "schema_version": 0,
          "attributes": {
            "arn": "arn:aws:iam::672446792193:role/role_lambda_scrape_cnyarts",
            "assume_role_policy": "{\"Version\":\"2012-10-17\",\"Statement\":[{\"Sid\":\"\",\"Effect\":\"Allow\",\"Principal\":{\"Service\":\"lambda.amazonaws.com\"},\"Action\":\"sts:AssumeRole\"}]}",
            "create_date": "2022-03-21T01:05:06Z",
            "description": "",
            "force_detach_policies": false,
            "id": "role_lambda_scrape_cnyarts",
            "inline_policy": [
              {
                "name": "",
                "policy": ""
              }
            ],
            "managed_policy_arns": [
              "arn:aws:iam::672446792193:policy/policy_lambda_scrape_cnyarts"
            ],
            "max_session_duration": 3600,
            "name": "role_lambda_scrape_cnyarts",
            "name_prefix": "",
            "path": "/",
            "permissions_boundary": null,
            "tags": {},
            "tags_all": {},
            "unique_id": "AROAZZEHTYIA5UBZ7J252"
          },
          "sensitive_attributes": [],
          "private": "bnVsbA=="
        }
      ]
    },
    {
      "module": "module.scrape_cnyarts",
      "mode": "managed",
      "type": "aws_iam_role_policy_attachment",
      "name": "lambda_scrape_cnyarts_logs",
      "provider": "provider[\"registry.terraform.io/hashicorp/aws\"]",
      "instances": [
        {
          "schema_version": 0,
          "attributes": {
            "id": "role_lambda_scrape_cnyarts-20220321142450796300000001",
            "policy_arn": "arn:aws:iam::672446792193:policy/policy_lambda_scrape_cnyarts",
            "role": "role_lambda_scrape_cnyarts"
          },
          "sensitive_attributes": [],
          "private": "bnVsbA==",
          "dependencies": [
            "module.scrape_cnyarts.aws_iam_policy.policy_lambda_scrape_cnyarts",
            "module.scrape_cnyarts.aws_iam_role.role_lambda_scrape_cnyarts"
          ]
        }
      ]
    },
    {
      "module": "module.scrape_cnyarts",
      "mode": "managed",
      "type": "aws_lambda_function",
      "name": "lambda_scrape_cnyarts",
      "provider": "provider[\"registry.terraform.io/hashicorp/aws\"]",
      "instances": [
        {
          "schema_version": 0,
          "attributes": {
            "architectures": [
              "x86_64"
            ],
            "arn": "arn:aws:lambda:us-east-1:672446792193:function:scrape-cnyarts-to-rawzone",
            "code_signing_config_arn": "",
            "dead_letter_config": [],
            "description": "",
            "environment": [],
            "file_system_config": [],
            "filename": "./modules/data_ingestion/scrapper_cnyarts/lambda_function.zip",
            "function_name": "scrape-cnyarts-to-rawzone",
            "handler": "lambda_function.lambda_handler",
            "id": "scrape-cnyarts-to-rawzone",
            "image_config": [],
            "image_uri": "",
            "invoke_arn": "arn:aws:apigateway:us-east-1:lambda:path/2015-03-31/functions/arn:aws:lambda:us-east-1:672446792193:function:scrape-cnyarts-to-rawzone/invocations",
            "kms_key_arn": "",
            "last_modified": "2022-04-19T13:58:52.000+0000",
            "layers": [
              "arn:aws:lambda:us-east-1:770693421928:layer:Klayers-p38-requests:1",
              "arn:aws:lambda:us-east-1:770693421928:layer:Klayers-python38-beautifulsoup4:13",
              "arn:aws:lambda:us-east-1:770693421928:layer:Klayers-p38-pandas:1",
              "arn:aws:lambda:us-east-1:770693421928:layer:Klayers-p38-lxml:1"
            ],
            "memory_size": 500,
            "package_type": "Zip",
            "publish": false,
            "qualified_arn": "arn:aws:lambda:us-east-1:672446792193:function:scrape-cnyarts-to-rawzone:$LATEST",
            "reserved_concurrent_executions": -1,
            "role": "arn:aws:iam::672446792193:role/role_lambda_scrape_cnyarts",
            "runtime": "python3.8",
            "s3_bucket": null,
            "s3_key": null,
            "s3_object_version": null,
            "signing_job_arn": "",
            "signing_profile_version_arn": "",
            "source_code_hash": "566gmfvp4xUZ26lJXgJoePD2Q7FunjkWDPaM6VldwtM=",
            "source_code_size": 3629,
            "tags": {},
            "tags_all": {},
            "timeout": 300,
            "timeouts": null,
            "tracing_config": [
              {
                "mode": "PassThrough"
              }
            ],
            "version": "$LATEST",
            "vpc_config": []
          },
          "sensitive_attributes": [],
          "private": "eyJlMmJmYjczMC1lY2FhLTExZTYtOGY4OC0zNDM2M2JjN2M0YzAiOnsiY3JlYXRlIjo2MDAwMDAwMDAwMDB9fQ==",
          "dependencies": [
            "module.scrape_cnyarts.aws_iam_role.role_lambda_scrape_cnyarts"
          ]
        }
      ]
    },
    {
      "module": "module.scrape_cnyarts",
      "mode": "managed",
      "type": "aws_lambda_permission",
      "name": "allow_cloudwatch_to_call_scrape_cnyarts",
      "provider": "provider[\"registry.terraform.io/hashicorp/aws\"]",
      "instances": [
        {
          "schema_version": 0,
          "attributes": {
            "action": "lambda:InvokeFunction",
            "event_source_token": null,
            "function_name": "scrape-cnyarts-to-rawzone",
            "id": "AllowExecutionFromCloudWatch",
            "principal": "events.amazonaws.com",
            "qualifier": "",
            "source_account": null,
            "source_arn": "arn:aws:events:us-east-1:672446792193:rule/scrape_cnyarts_once_a_day",
            "statement_id": "AllowExecutionFromCloudWatch",
            "statement_id_prefix": null
          },
          "sensitive_attributes": [],
          "private": "bnVsbA==",
          "dependencies": [
            "module.scrape_cnyarts.aws_cloudwatch_event_rule.scrape_cnyarts_once_a_day",
            "module.scrape_cnyarts.aws_iam_role.role_lambda_scrape_cnyarts",
            "module.scrape_cnyarts.aws_lambda_function.lambda_scrape_cnyarts"
          ]
        }
      ]
    },
    {
      "module": "module.scrape_colemans",
      "mode": "managed",
      "type": "aws_cloudwatch_event_rule",
      "name": "scrape_colemans_once_a_day",
      "provider": "provider[\"registry.terraform.io/hashicorp/aws\"]",
      "instances": [
        {
          "schema_version": 0,
          "attributes": {
            "arn": "arn:aws:events:us-east-1:672446792193:rule/scrape_colemans_once_a_days",
            "description": "Fires once a day to scrape colemans",
            "event_bus_name": "default",
            "event_pattern": null,
            "id": "scrape_colemans_once_a_days",
            "is_enabled": true,
            "name": "scrape_colemans_once_a_days",
            "name_prefix": "",
            "role_arn": "",
            "schedule_expression": "cron(00 15 * * ? *)",
            "tags": {},
            "tags_all": {}
          },
          "sensitive_attributes": [],
          "private": "bnVsbA=="
        }
      ]
    },
    {
      "module": "module.scrape_colemans",
      "mode": "managed",
      "type": "aws_cloudwatch_event_target",
      "name": "check_scrape_colemans_once_a_day",
      "provider": "provider[\"registry.terraform.io/hashicorp/aws\"]",
      "instances": [
        {
          "schema_version": 1,
          "attributes": {
            "arn": "arn:aws:lambda:us-east-1:672446792193:function:scrape-colemans-to-rawzone",
            "batch_target": [],
            "dead_letter_config": [],
            "ecs_target": [],
            "event_bus_name": "default",
            "http_target": [],
            "id": "scrape_colemans_once_a_days-lambda_scrape_colemans",
            "input": "",
            "input_path": "",
            "input_transformer": [],
            "kinesis_target": [],
            "redshift_target": [],
            "retry_policy": [],
            "role_arn": "",
            "rule": "scrape_colemans_once_a_days",
            "run_command_targets": [],
            "sqs_target": [],
            "target_id": "lambda_scrape_colemans"
          },
          "sensitive_attributes": [],
          "private": "eyJzY2hlbWFfdmVyc2lvbiI6IjEifQ==",
          "dependencies": [
            "module.scrape_colemans.aws_cloudwatch_event_rule.scrape_colemans_once_a_day",
            "module.scrape_colemans.aws_iam_role.role_lambda_scrape_colemans",
            "module.scrape_colemans.aws_lambda_function.lambda_scrape_colemans"
          ]
        }
      ]
    },
    {
      "module": "module.scrape_colemans",
      "mode": "managed",
      "type": "aws_iam_policy",
      "name": "policy_lambda_scrape_colemans",
      "provider": "provider[\"registry.terraform.io/hashicorp/aws\"]",
      "instances": [
        {
          "schema_version": 0,
          "attributes": {
            "arn": "arn:aws:iam::672446792193:policy/policy_lambda_scrape_colemans",
            "description": "IAM policy for lambda_scrape_colemans lambda",
            "id": "arn:aws:iam::672446792193:policy/policy_lambda_scrape_colemans",
            "name": "policy_lambda_scrape_colemans",
            "name_prefix": null,
            "path": "/",
            "policy": "{\"Statement\":[{\"Action\":\"logs:CreateLogGroup\",\"Effect\":\"Allow\",\"Resource\":\"arn:aws:logs:us-east-1:672446792193:*\"},{\"Action\":[\"logs:CreateLogStream\",\"logs:PutLogEvents\"],\"Effect\":\"Allow\",\"Resource\":[\"arn:aws:logs:us-east-1:672446792193:log-group:/aws/lambda/scrape-colemans-to-rawzone:*\"]},{\"Action\":[\"s3:*\"],\"Effect\":\"Allow\",\"Resource\":\"arn:aws:s3:::*\"}],\"Version\":\"2012-10-17\"}",
            "policy_id": "ANPAZZEHTYIAVNTMCSFJ3",
            "tags": {},
            "tags_all": {}
          },
          "sensitive_attributes": [],
          "private": "bnVsbA=="
        }
      ]
    },
    {
      "module": "module.scrape_colemans",
      "mode": "managed",
      "type": "aws_iam_role",
      "name": "role_lambda_scrape_colemans",
      "provider": "provider[\"registry.terraform.io/hashicorp/aws\"]",
      "instances": [
        {
          "schema_version": 0,
          "attributes": {
            "arn": "arn:aws:iam::672446792193:role/role_lambda_scrape_colemans",
            "assume_role_policy": "{\"Version\":\"2012-10-17\",\"Statement\":[{\"Sid\":\"\",\"Effect\":\"Allow\",\"Principal\":{\"Service\":\"lambda.amazonaws.com\"},\"Action\":\"sts:AssumeRole\"}]}",
            "create_date": "2022-04-12T17:54:28Z",
            "description": "",
            "force_detach_policies": false,
            "id": "role_lambda_scrape_colemans",
            "inline_policy": [
              {
                "name": "",
                "policy": ""
              }
            ],
            "managed_policy_arns": [
              "arn:aws:iam::672446792193:policy/policy_lambda_scrape_colemans"
            ],
            "max_session_duration": 3600,
            "name": "role_lambda_scrape_colemans",
            "name_prefix": "",
            "path": "/",
            "permissions_boundary": null,
            "tags": {},
            "tags_all": {},
            "unique_id": "AROAZZEHTYIAUFL4DBG4E"
          },
          "sensitive_attributes": [],
          "private": "bnVsbA=="
        }
      ]
    },
    {
      "module": "module.scrape_colemans",
      "mode": "managed",
      "type": "aws_iam_role_policy_attachment",
      "name": "lambda_scrape_colemans_logs",
      "provider": "provider[\"registry.terraform.io/hashicorp/aws\"]",
      "instances": [
        {
          "schema_version": 0,
          "attributes": {
            "id": "role_lambda_scrape_colemans-20220412175429153900000001",
            "policy_arn": "arn:aws:iam::672446792193:policy/policy_lambda_scrape_colemans",
            "role": "role_lambda_scrape_colemans"
          },
          "sensitive_attributes": [],
          "private": "bnVsbA==",
          "dependencies": [
            "module.scrape_colemans.aws_iam_policy.policy_lambda_scrape_colemans",
            "module.scrape_colemans.aws_iam_role.role_lambda_scrape_colemans"
          ]
        }
      ]
    },
    {
      "module": "module.scrape_colemans",
      "mode": "managed",
      "type": "aws_lambda_function",
      "name": "lambda_scrape_colemans",
      "provider": "provider[\"registry.terraform.io/hashicorp/aws\"]",
      "instances": [
        {
          "schema_version": 0,
          "attributes": {
            "architectures": [
              "x86_64"
            ],
            "arn": "arn:aws:lambda:us-east-1:672446792193:function:scrape-colemans-to-rawzone",
            "code_signing_config_arn": "",
            "dead_letter_config": [],
            "description": "",
            "environment": [],
            "file_system_config": [],
            "filename": "./modules/data_ingestion/scrapper_colemans/lambda_function.zip",
            "function_name": "scrape-colemans-to-rawzone",
            "handler": "lambda_function.lambda_handler",
            "id": "scrape-colemans-to-rawzone",
            "image_config": [],
            "image_uri": "",
            "invoke_arn": "arn:aws:apigateway:us-east-1:lambda:path/2015-03-31/functions/arn:aws:lambda:us-east-1:672446792193:function:scrape-colemans-to-rawzone/invocations",
            "kms_key_arn": "",
            "last_modified": "2022-04-19T12:43:58.000+0000",
            "layers": [
              "arn:aws:lambda:us-east-1:770693421928:layer:Klayers-p38-requests:1",
              "arn:aws:lambda:us-east-1:770693421928:layer:Klayers-python38-beautifulsoup4:13",
              "arn:aws:lambda:us-east-1:770693421928:layer:Klayers-p38-pandas:1",
              "arn:aws:lambda:us-east-1:770693421928:layer:Klayers-p38-lxml:1"
            ],
            "memory_size": 500,
            "package_type": "Zip",
            "publish": false,
            "qualified_arn": "arn:aws:lambda:us-east-1:672446792193:function:scrape-colemans-to-rawzone:$LATEST",
            "reserved_concurrent_executions": -1,
            "role": "arn:aws:iam::672446792193:role/role_lambda_scrape_colemans",
            "runtime": "python3.8",
            "s3_bucket": null,
            "s3_key": null,
            "s3_object_version": null,
            "signing_job_arn": "",
            "signing_profile_version_arn": "",
            "source_code_hash": "aJES8sg28CaczrGdqVIyygnvxedN3582akXzKx/Oqm4=",
            "source_code_size": 2225,
            "tags": {},
            "tags_all": {},
            "timeout": 300,
            "timeouts": null,
            "tracing_config": [
              {
                "mode": "PassThrough"
              }
            ],
            "version": "$LATEST",
            "vpc_config": []
          },
          "sensitive_attributes": [],
          "private": "eyJlMmJmYjczMC1lY2FhLTExZTYtOGY4OC0zNDM2M2JjN2M0YzAiOnsiY3JlYXRlIjo2MDAwMDAwMDAwMDB9fQ==",
          "dependencies": [
            "module.scrape_colemans.aws_iam_role.role_lambda_scrape_colemans"
          ]
        }
      ]
    },
    {
      "module": "module.scrape_colemans",
      "mode": "managed",
      "type": "aws_lambda_permission",
      "name": "allow_cloudwatch_to_call_scrape_colemans",
      "provider": "provider[\"registry.terraform.io/hashicorp/aws\"]",
      "instances": [
        {
          "schema_version": 0,
          "attributes": {
            "action": "lambda:InvokeFunction",
            "event_source_token": null,
            "function_name": "scrape-colemans-to-rawzone",
            "id": "AllowExecutionFromCloudWatch",
            "principal": "events.amazonaws.com",
            "qualifier": "",
            "source_account": null,
            "source_arn": "arn:aws:events:us-east-1:672446792193:rule/scrape_colemans_once_a_days",
            "statement_id": "AllowExecutionFromCloudWatch",
            "statement_id_prefix": null
          },
          "sensitive_attributes": [],
          "private": "bnVsbA==",
          "dependencies": [
            "module.scrape_colemans.aws_cloudwatch_event_rule.scrape_colemans_once_a_day",
            "module.scrape_colemans.aws_iam_role.role_lambda_scrape_colemans",
            "module.scrape_colemans.aws_lambda_function.lambda_scrape_colemans"
          ]
        }
      ]
    },
    {
      "module": "module.scrape_eb_westlafayette",
      "mode": "managed",
      "type": "aws_cloudwatch_event_rule",
      "name": "scrape_eb_westlafayette_once_a_day",
      "provider": "provider[\"registry.terraform.io/hashicorp/aws\"]",
      "instances": [
        {
          "schema_version": 0,
          "attributes": {
            "arn": "arn:aws:events:us-east-1:672446792193:rule/scrape_eb_westlafayette_once_a_day",
            "description": "Fires once a day to scrape eb_westlafayette",
            "event_bus_name": "default",
            "event_pattern": null,
            "id": "scrape_eb_westlafayette_once_a_day",
            "is_enabled": true,
            "name": "scrape_eb_westlafayette_once_a_day",
            "name_prefix": "",
            "role_arn": "",
            "schedule_expression": "cron(00 15 * * ? *)",
            "tags": null,
            "tags_all": {}
          },
          "sensitive_attributes": [],
          "private": "bnVsbA=="
        }
      ]
    },
    {
      "module": "module.scrape_eb_westlafayette",
      "mode": "managed",
      "type": "aws_cloudwatch_event_target",
      "name": "check_scrape_eb_westlafayette_once_a_day",
      "provider": "provider[\"registry.terraform.io/hashicorp/aws\"]",
      "instances": [
        {
          "schema_version": 1,
          "attributes": {
            "arn": "arn:aws:lambda:us-east-1:672446792193:function:scrape-eb-westlafayette-to-rawzone",
            "batch_target": [],
            "dead_letter_config": [],
            "ecs_target": [],
            "event_bus_name": "default",
            "http_target": [],
            "id": "scrape_eb_westlafayette_once_a_day-lambda_scrape_eb_westlafayette",
            "input": "",
            "input_path": "",
            "input_transformer": [],
            "kinesis_target": [],
            "redshift_target": [],
            "retry_policy": [],
            "role_arn": "",
            "rule": "scrape_eb_westlafayette_once_a_day",
            "run_command_targets": [],
            "sqs_target": [],
            "target_id": "lambda_scrape_eb_westlafayette"
          },
          "sensitive_attributes": [],
          "private": "eyJzY2hlbWFfdmVyc2lvbiI6IjEifQ==",
          "dependencies": [
            "module.scrape_eb_westlafayette.aws_cloudwatch_event_rule.scrape_eb_westlafayette_once_a_day",
            "module.scrape_eb_westlafayette.aws_iam_role.role_lambda_scrape_eb_westlafayette",
            "module.scrape_eb_westlafayette.aws_lambda_function.lambda_scrape_eb_westlafayette"
          ]
        }
      ]
    },
    {
      "module": "module.scrape_eb_westlafayette",
      "mode": "managed",
      "type": "aws_iam_policy",
      "name": "policy_lambda_scrape_eb_westlafayette",
      "provider": "provider[\"registry.terraform.io/hashicorp/aws\"]",
      "instances": [
        {
          "schema_version": 0,
          "attributes": {
            "arn": "arn:aws:iam::672446792193:policy/policy_lambda_scrape_eb_westlafayette",
            "description": "IAM policy for lambda_scrape_eb_westlafayette lambda",
            "id": "arn:aws:iam::672446792193:policy/policy_lambda_scrape_eb_westlafayette",
            "name": "policy_lambda_scrape_eb_westlafayette",
            "name_prefix": null,
            "path": "/",
            "policy": "{\"Statement\":[{\"Action\":\"logs:CreateLogGroup\",\"Effect\":\"Allow\",\"Resource\":\"arn:aws:logs:us-east-1:672446792193:*\"},{\"Action\":[\"logs:CreateLogStream\",\"logs:PutLogEvents\"],\"Effect\":\"Allow\",\"Resource\":[\"arn:aws:logs:us-east-1:672446792193:log-group:/aws/lambda/scrape-eb-westlafayette-to-rawzone:*\"]},{\"Action\":[\"s3:*\"],\"Effect\":\"Allow\",\"Resource\":\"arn:aws:s3:::*\"}],\"Version\":\"2012-10-17\"}",
            "policy_id": "ANPAZZEHTYIASOW32N3JV",
            "tags": null,
            "tags_all": {}
          },
          "sensitive_attributes": [],
          "private": "bnVsbA=="
        }
      ]
    },
    {
      "module": "module.scrape_eb_westlafayette",
      "mode": "managed",
      "type": "aws_iam_role",
      "name": "role_lambda_scrape_eb_westlafayette",
      "provider": "provider[\"registry.terraform.io/hashicorp/aws\"]",
      "instances": [
        {
          "schema_version": 0,
          "attributes": {
            "arn": "arn:aws:iam::672446792193:role/role_lambda_scrape_eb_westlafayette",
            "assume_role_policy": "{\"Version\":\"2012-10-17\",\"Statement\":[{\"Sid\":\"\",\"Effect\":\"Allow\",\"Principal\":{\"Service\":\"lambda.amazonaws.com\"},\"Action\":\"sts:AssumeRole\"}]}",
            "create_date": "2023-01-04T02:09:58Z",
            "description": "",
            "force_detach_policies": false,
            "id": "role_lambda_scrape_eb_westlafayette",
            "inline_policy": [
              {
                "name": "",
                "policy": ""
              }
            ],
            "managed_policy_arns": [],
            "max_session_duration": 3600,
            "name": "role_lambda_scrape_eb_westlafayette",
            "name_prefix": "",
            "path": "/",
            "permissions_boundary": null,
            "tags": null,
            "tags_all": {},
            "unique_id": "AROAZZEHTYIA4N5KJJOYK"
          },
          "sensitive_attributes": [],
          "private": "bnVsbA=="
        }
      ]
    },
    {
      "module": "module.scrape_eb_westlafayette",
      "mode": "managed",
      "type": "aws_iam_role_policy_attachment",
      "name": "lambda_scrape_eb_westlafayette_logs",
      "provider": "provider[\"registry.terraform.io/hashicorp/aws\"]",
      "instances": [
        {
          "schema_version": 0,
          "attributes": {
            "id": "role_lambda_scrape_eb_westlafayette-20230104020959315800000001",
            "policy_arn": "arn:aws:iam::672446792193:policy/policy_lambda_scrape_eb_westlafayette",
            "role": "role_lambda_scrape_eb_westlafayette"
          },
          "sensitive_attributes": [],
          "private": "bnVsbA==",
          "dependencies": [
            "module.scrape_eb_westlafayette.aws_iam_policy.policy_lambda_scrape_eb_westlafayette",
            "module.scrape_eb_westlafayette.aws_iam_role.role_lambda_scrape_eb_westlafayette"
          ]
        }
      ]
    },
    {
      "module": "module.scrape_eb_westlafayette",
      "mode": "managed",
      "type": "aws_lambda_function",
      "name": "lambda_scrape_eb_westlafayette",
      "provider": "provider[\"registry.terraform.io/hashicorp/aws\"]",
      "instances": [
        {
          "schema_version": 0,
          "attributes": {
            "architectures": [
              "x86_64"
            ],
            "arn": "arn:aws:lambda:us-east-1:672446792193:function:scrape-eb-westlafayette-to-rawzone",
            "code_signing_config_arn": "",
            "dead_letter_config": [],
            "description": "",
            "environment": [],
            "file_system_config": [],
            "filename": "./modules/data_ingestion/scrapper_eb_westlafayette/lambda_function.zip",
            "function_name": "scrape-eb-westlafayette-to-rawzone",
            "handler": "lambda_function.lambda_handler",
            "id": "scrape-eb-westlafayette-to-rawzone",
            "image_config": [],
            "image_uri": "",
            "invoke_arn": "arn:aws:apigateway:us-east-1:lambda:path/2015-03-31/functions/arn:aws:lambda:us-east-1:672446792193:function:scrape-eb-westlafayette-to-rawzone/invocations",
            "kms_key_arn": "",
            "last_modified": "2023-01-04T02:10:15.876+0000",
            "layers": [
              "arn:aws:lambda:us-east-1:770693421928:layer:Klayers-p38-requests:1",
              "arn:aws:lambda:us-east-1:770693421928:layer:Klayers-python38-beautifulsoup4:13",
              "arn:aws:lambda:us-east-1:770693421928:layer:Klayers-p38-pandas:1",
              "arn:aws:lambda:us-east-1:770693421928:layer:Klayers-p38-lxml:1"
            ],
            "memory_size": 500,
            "package_type": "Zip",
            "publish": false,
            "qualified_arn": "arn:aws:lambda:us-east-1:672446792193:function:scrape-eb-westlafayette-to-rawzone:$LATEST",
            "reserved_concurrent_executions": -1,
            "role": "arn:aws:iam::672446792193:role/role_lambda_scrape_eb_westlafayette",
            "runtime": "python3.8",
            "s3_bucket": null,
            "s3_key": null,
            "s3_object_version": null,
            "signing_job_arn": "",
            "signing_profile_version_arn": "",
            "source_code_hash": "/wJlAwpbr/WNkWy97nDp3S5rdDSwB/jtAng34YePERI=",
            "source_code_size": 4458,
            "tags": null,
            "tags_all": {},
            "timeout": 300,
            "timeouts": null,
            "tracing_config": [
              {
                "mode": "PassThrough"
              }
            ],
            "version": "$LATEST",
            "vpc_config": []
          },
          "sensitive_attributes": [],
          "private": "eyJlMmJmYjczMC1lY2FhLTExZTYtOGY4OC0zNDM2M2JjN2M0YzAiOnsiY3JlYXRlIjo2MDAwMDAwMDAwMDB9fQ==",
          "dependencies": [
            "module.scrape_eb_westlafayette.aws_iam_role.role_lambda_scrape_eb_westlafayette"
          ]
        }
      ]
    },
    {
      "module": "module.scrape_eb_westlafayette",
      "mode": "managed",
      "type": "aws_lambda_permission",
      "name": "allow_cloudwatch_to_call_scrape_eb_westlafayette",
      "provider": "provider[\"registry.terraform.io/hashicorp/aws\"]",
      "instances": [
        {
          "schema_version": 0,
          "attributes": {
            "action": "lambda:InvokeFunction",
            "event_source_token": null,
            "function_name": "scrape-eb-westlafayette-to-rawzone",
            "id": "AllowExecutionFromCloudWatch",
            "principal": "events.amazonaws.com",
            "qualifier": "",
            "source_account": null,
            "source_arn": "arn:aws:events:us-east-1:672446792193:rule/scrape_eb_westlafayette_once_a_day",
            "statement_id": "AllowExecutionFromCloudWatch",
            "statement_id_prefix": null
          },
          "sensitive_attributes": [],
          "private": "bnVsbA==",
          "dependencies": [
            "module.scrape_eb_westlafayette.aws_cloudwatch_event_rule.scrape_eb_westlafayette_once_a_day",
            "module.scrape_eb_westlafayette.aws_iam_role.role_lambda_scrape_eb_westlafayette",
            "module.scrape_eb_westlafayette.aws_lambda_function.lambda_scrape_eb_westlafayette"
          ]
        }
      ]
    },
    {
      "module": "module.scrape_eversonmuseum",
      "mode": "managed",
      "type": "aws_iam_policy",
      "name": "policy_lambda_scrape_eversonmuseum",
      "provider": "provider[\"registry.terraform.io/hashicorp/aws\"]",
      "instances": [
        {
          "schema_version": 0,
          "attributes": {
            "arn": "arn:aws:iam::672446792193:policy/policy_lambda_scrape_eversonmuseum",
            "description": "IAM policy for lambda_scrape_eversonmuseum lambda",
            "id": "arn:aws:iam::672446792193:policy/policy_lambda_scrape_eversonmuseum",
            "name": "policy_lambda_scrape_eversonmuseum",
            "name_prefix": null,
            "path": "/",
            "policy": "{\"Statement\":[{\"Action\":\"logs:CreateLogGroup\",\"Effect\":\"Allow\",\"Resource\":\"arn:aws:logs:us-east-1:672446792193:*\"},{\"Action\":[\"logs:CreateLogStream\",\"logs:PutLogEvents\"],\"Effect\":\"Allow\",\"Resource\":[\"arn:aws:logs:us-east-1:672446792193:log-group:/aws/lambda/scrape-eversonmuseum-to-rawzone:*\"]},{\"Action\":[\"s3:*\"],\"Effect\":\"Allow\",\"Resource\":\"arn:aws:s3:::*\"}],\"Version\":\"2012-10-17\"}",
            "policy_id": "ANPAZZEHTYIAUJKL6BG6U",
            "tags": {},
            "tags_all": {}
          },
          "sensitive_attributes": [],
          "private": "bnVsbA=="
        }
      ]
    },
    {
      "module": "module.scrape_eversonmuseum",
      "mode": "managed",
      "type": "aws_iam_role",
      "name": "role_lambda_scrape_eversonmuseum",
      "provider": "provider[\"registry.terraform.io/hashicorp/aws\"]",
      "instances": [
        {
          "schema_version": 0,
          "attributes": {
            "arn": "arn:aws:iam::672446792193:role/role_lambda_scrape_eversonmuseum",
            "assume_role_policy": "{\"Version\":\"2012-10-17\",\"Statement\":[{\"Sid\":\"\",\"Effect\":\"Allow\",\"Principal\":{\"Service\":\"lambda.amazonaws.com\"},\"Action\":\"sts:AssumeRole\"}]}",
            "create_date": "2022-04-12T19:04:20Z",
            "description": "",
            "force_detach_policies": false,
            "id": "role_lambda_scrape_eversonmuseum",
            "inline_policy": [
              {
                "name": "",
                "policy": ""
              }
            ],
            "managed_policy_arns": [
              "arn:aws:iam::672446792193:policy/policy_lambda_scrape_eversonmuseum"
            ],
            "max_session_duration": 3600,
            "name": "role_lambda_scrape_eversonmuseum",
            "name_prefix": "",
            "path": "/",
            "permissions_boundary": null,
            "tags": {},
            "tags_all": {},
            "unique_id": "AROAZZEHTYIARUNFTS277"
          },
          "sensitive_attributes": [],
          "private": "bnVsbA=="
        }
      ]
    },
    {
      "module": "module.scrape_eversonmuseum",
      "mode": "managed",
      "type": "aws_iam_role_policy_attachment",
      "name": "lambda_scrape_eversonmuseum_logs",
      "provider": "provider[\"registry.terraform.io/hashicorp/aws\"]",
      "instances": [
        {
          "schema_version": 0,
          "attributes": {
            "id": "role_lambda_scrape_eversonmuseum-20220412190421369000000001",
            "policy_arn": "arn:aws:iam::672446792193:policy/policy_lambda_scrape_eversonmuseum",
            "role": "role_lambda_scrape_eversonmuseum"
          },
          "sensitive_attributes": [],
          "private": "bnVsbA==",
          "dependencies": [
            "module.scrape_eversonmuseum.aws_iam_policy.policy_lambda_scrape_eversonmuseum",
            "module.scrape_eversonmuseum.aws_iam_role.role_lambda_scrape_eversonmuseum"
          ]
        }
      ]
    },
    {
      "module": "module.scrape_eversonmuseum",
      "mode": "managed",
      "type": "aws_lambda_function",
      "name": "lambda_scrape_eversonmuseum",
      "provider": "provider[\"registry.terraform.io/hashicorp/aws\"]",
      "instances": [
        {
          "schema_version": 0,
          "attributes": {
            "architectures": [
              "x86_64"
            ],
            "arn": "arn:aws:lambda:us-east-1:672446792193:function:scrape-eversonmuseum-to-rawzone",
            "code_signing_config_arn": "",
            "dead_letter_config": [],
            "description": "",
            "environment": [],
            "file_system_config": [],
            "filename": "./modules/data_ingestion/scrapper_eversonmuseum/lambda_function.zip",
            "function_name": "scrape-eversonmuseum-to-rawzone",
            "handler": "lambda_function.lambda_handler",
            "id": "scrape-eversonmuseum-to-rawzone",
            "image_config": [],
            "image_uri": "",
            "invoke_arn": "arn:aws:apigateway:us-east-1:lambda:path/2015-03-31/functions/arn:aws:lambda:us-east-1:672446792193:function:scrape-eversonmuseum-to-rawzone/invocations",
            "kms_key_arn": "",
            "last_modified": "2022-05-11T16:32:38.808+0000",
            "layers": [
              "arn:aws:lambda:us-east-1:770693421928:layer:Klayers-p38-requests:1",
              "arn:aws:lambda:us-east-1:770693421928:layer:Klayers-python38-beautifulsoup4:13",
              "arn:aws:lambda:us-east-1:770693421928:layer:Klayers-p38-pandas:1",
              "arn:aws:lambda:us-east-1:770693421928:layer:Klayers-p38-lxml:1"
            ],
            "memory_size": 500,
            "package_type": "Zip",
            "publish": false,
            "qualified_arn": "arn:aws:lambda:us-east-1:672446792193:function:scrape-eversonmuseum-to-rawzone:$LATEST",
            "reserved_concurrent_executions": -1,
            "role": "arn:aws:iam::672446792193:role/role_lambda_scrape_eversonmuseum",
            "runtime": "python3.8",
            "s3_bucket": null,
            "s3_key": null,
            "s3_object_version": null,
            "signing_job_arn": "",
            "signing_profile_version_arn": "",
            "source_code_hash": "LbeVaq1e+CFSbv9dN1gw7jA9JZn77KRCE2viE+f0XEo=",
            "source_code_size": 2177,
            "tags": {},
            "tags_all": {},
            "timeout": 300,
            "timeouts": null,
            "tracing_config": [
              {
                "mode": "PassThrough"
              }
            ],
            "version": "$LATEST",
            "vpc_config": []
          },
          "sensitive_attributes": [],
          "private": "eyJlMmJmYjczMC1lY2FhLTExZTYtOGY4OC0zNDM2M2JjN2M0YzAiOnsiY3JlYXRlIjo2MDAwMDAwMDAwMDB9fQ==",
          "dependencies": [
            "module.scrape_eversonmuseum.aws_iam_role.role_lambda_scrape_eversonmuseum"
          ]
        }
      ]
    },
    {
      "module": "module.scrape_funknwaffles",
      "mode": "managed",
      "type": "aws_cloudwatch_event_rule",
      "name": "scrape_funknwaffles_once_a_day",
      "provider": "provider[\"registry.terraform.io/hashicorp/aws\"]",
      "instances": [
        {
          "schema_version": 0,
          "attributes": {
            "arn": "arn:aws:events:us-east-1:672446792193:rule/scrape_funknwaffles_once_a_days",
            "description": "Fires once a day to scrape funknwaffles",
            "event_bus_name": "default",
            "event_pattern": null,
            "id": "scrape_funknwaffles_once_a_days",
            "is_enabled": true,
            "name": "scrape_funknwaffles_once_a_days",
            "name_prefix": "",
            "role_arn": "",
            "schedule_expression": "cron(00 15 * * ? *)",
            "tags": {},
            "tags_all": {}
          },
          "sensitive_attributes": [],
          "private": "bnVsbA=="
        }
      ]
    },
    {
      "module": "module.scrape_funknwaffles",
      "mode": "managed",
      "type": "aws_cloudwatch_event_target",
      "name": "check_scrape_funknwaffles_once_a_day",
      "provider": "provider[\"registry.terraform.io/hashicorp/aws\"]",
      "instances": [
        {
          "schema_version": 1,
          "attributes": {
            "arn": "arn:aws:lambda:us-east-1:672446792193:function:scrape-funknwaffles-to-rawzone",
            "batch_target": [],
            "dead_letter_config": [],
            "ecs_target": [],
            "event_bus_name": "default",
            "http_target": [],
            "id": "scrape_funknwaffles_once_a_days-lambda_scrape_funknwaffles",
            "input": "",
            "input_path": "",
            "input_transformer": [],
            "kinesis_target": [],
            "redshift_target": [],
            "retry_policy": [],
            "role_arn": "",
            "rule": "scrape_funknwaffles_once_a_days",
            "run_command_targets": [],
            "sqs_target": [],
            "target_id": "lambda_scrape_funknwaffles"
          },
          "sensitive_attributes": [],
          "private": "eyJzY2hlbWFfdmVyc2lvbiI6IjEifQ==",
          "dependencies": [
            "module.scrape_funknwaffles.aws_cloudwatch_event_rule.scrape_funknwaffles_once_a_day",
            "module.scrape_funknwaffles.aws_iam_role.role_lambda_scrape_funknwaffles",
            "module.scrape_funknwaffles.aws_lambda_function.lambda_scrape_funknwaffles"
          ]
        }
      ]
    },
    {
      "module": "module.scrape_funknwaffles",
      "mode": "managed",
      "type": "aws_iam_policy",
      "name": "policy_lambda_scrape_funknwaffles",
      "provider": "provider[\"registry.terraform.io/hashicorp/aws\"]",
      "instances": [
        {
          "schema_version": 0,
          "attributes": {
            "arn": "arn:aws:iam::672446792193:policy/policy_lambda_scrape_funknwaffles",
            "description": "IAM policy for lambda_scrape_funknwaffles lambda",
            "id": "arn:aws:iam::672446792193:policy/policy_lambda_scrape_funknwaffles",
            "name": "policy_lambda_scrape_funknwaffles",
            "name_prefix": null,
            "path": "/",
            "policy": "{\"Statement\":[{\"Action\":\"logs:CreateLogGroup\",\"Effect\":\"Allow\",\"Resource\":\"arn:aws:logs:us-east-1:672446792193:*\"},{\"Action\":[\"logs:CreateLogStream\",\"logs:PutLogEvents\"],\"Effect\":\"Allow\",\"Resource\":[\"arn:aws:logs:us-east-1:672446792193:log-group:/aws/lambda/scrape-funknwaffles-to-rawzone:*\"]},{\"Action\":[\"s3:*\"],\"Effect\":\"Allow\",\"Resource\":\"arn:aws:s3:::*\"}],\"Version\":\"2012-10-17\"}",
            "policy_id": "ANPAZZEHTYIA5G6HVKWN2",
            "tags": {},
            "tags_all": {}
          },
          "sensitive_attributes": [],
          "private": "bnVsbA=="
        }
      ]
    },
    {
      "module": "module.scrape_funknwaffles",
      "mode": "managed",
      "type": "aws_iam_role",
      "name": "role_lambda_scrape_funknwaffles",
      "provider": "provider[\"registry.terraform.io/hashicorp/aws\"]",
      "instances": [
        {
          "schema_version": 0,
          "attributes": {
            "arn": "arn:aws:iam::672446792193:role/role_lambda_scrape_funknwaffles",
            "assume_role_policy": "{\"Version\":\"2012-10-17\",\"Statement\":[{\"Sid\":\"\",\"Effect\":\"Allow\",\"Principal\":{\"Service\":\"lambda.amazonaws.com\"},\"Action\":\"sts:AssumeRole\"}]}",
            "create_date": "2022-03-22T16:27:49Z",
            "description": "",
            "force_detach_policies": false,
            "id": "role_lambda_scrape_funknwaffles",
            "inline_policy": [
              {
                "name": "",
                "policy": ""
              }
            ],
            "managed_policy_arns": [
              "arn:aws:iam::672446792193:policy/policy_lambda_scrape_funknwaffles"
            ],
            "max_session_duration": 3600,
            "name": "role_lambda_scrape_funknwaffles",
            "name_prefix": "",
            "path": "/",
            "permissions_boundary": null,
            "tags": {},
            "tags_all": {},
            "unique_id": "AROAZZEHTYIAYWOCWABIX"
          },
          "sensitive_attributes": [],
          "private": "bnVsbA=="
        }
      ]
    },
    {
      "module": "module.scrape_funknwaffles",
      "mode": "managed",
      "type": "aws_iam_role_policy_attachment",
      "name": "lambda_scrape_funknwaffles_logs",
      "provider": "provider[\"registry.terraform.io/hashicorp/aws\"]",
      "instances": [
        {
          "schema_version": 0,
          "attributes": {
            "id": "role_lambda_scrape_funknwaffles-20220322162749861200000001",
            "policy_arn": "arn:aws:iam::672446792193:policy/policy_lambda_scrape_funknwaffles",
            "role": "role_lambda_scrape_funknwaffles"
          },
          "sensitive_attributes": [],
          "private": "bnVsbA==",
          "dependencies": [
            "module.scrape_funknwaffles.aws_iam_policy.policy_lambda_scrape_funknwaffles",
            "module.scrape_funknwaffles.aws_iam_role.role_lambda_scrape_funknwaffles"
          ]
        }
      ]
    },
    {
      "module": "module.scrape_funknwaffles",
      "mode": "managed",
      "type": "aws_lambda_function",
      "name": "lambda_scrape_funknwaffles",
      "provider": "provider[\"registry.terraform.io/hashicorp/aws\"]",
      "instances": [
        {
          "schema_version": 0,
          "attributes": {
            "architectures": [
              "x86_64"
            ],
            "arn": "arn:aws:lambda:us-east-1:672446792193:function:scrape-funknwaffles-to-rawzone",
            "code_signing_config_arn": "",
            "dead_letter_config": [],
            "description": "",
            "environment": [],
            "file_system_config": [],
            "filename": "./modules/data_ingestion/scrapper_funknwaffles/lambda_function.zip",
            "function_name": "scrape-funknwaffles-to-rawzone",
            "handler": "lambda_function.lambda_handler",
            "id": "scrape-funknwaffles-to-rawzone",
            "image_config": [],
            "image_uri": "",
            "invoke_arn": "arn:aws:apigateway:us-east-1:lambda:path/2015-03-31/functions/arn:aws:lambda:us-east-1:672446792193:function:scrape-funknwaffles-to-rawzone/invocations",
            "kms_key_arn": "",
            "last_modified": "2022-04-12T18:10:58.000+0000",
            "layers": [
              "arn:aws:lambda:us-east-1:770693421928:layer:Klayers-p38-requests:1",
              "arn:aws:lambda:us-east-1:770693421928:layer:Klayers-python38-beautifulsoup4:13",
              "arn:aws:lambda:us-east-1:770693421928:layer:Klayers-p38-pandas:1",
              "arn:aws:lambda:us-east-1:770693421928:layer:Klayers-p38-lxml:1"
            ],
            "memory_size": 500,
            "package_type": "Zip",
            "publish": false,
            "qualified_arn": "arn:aws:lambda:us-east-1:672446792193:function:scrape-funknwaffles-to-rawzone:$LATEST",
            "reserved_concurrent_executions": -1,
            "role": "arn:aws:iam::672446792193:role/role_lambda_scrape_funknwaffles",
            "runtime": "python3.8",
            "s3_bucket": null,
            "s3_key": null,
            "s3_object_version": null,
            "signing_job_arn": "",
            "signing_profile_version_arn": "",
            "source_code_hash": "lmDozyTQ3TR36dmbwM/DeemBj1lhk7nBW8d5l9xIG4o=",
            "source_code_size": 1973,
            "tags": {},
            "tags_all": {},
            "timeout": 300,
            "timeouts": null,
            "tracing_config": [
              {
                "mode": "PassThrough"
              }
            ],
            "version": "$LATEST",
            "vpc_config": []
          },
          "sensitive_attributes": [],
          "private": "eyJlMmJmYjczMC1lY2FhLTExZTYtOGY4OC0zNDM2M2JjN2M0YzAiOnsiY3JlYXRlIjo2MDAwMDAwMDAwMDB9fQ==",
          "dependencies": [
            "module.scrape_funknwaffles.aws_iam_role.role_lambda_scrape_funknwaffles"
          ]
        }
      ]
    },
    {
      "module": "module.scrape_funknwaffles",
      "mode": "managed",
      "type": "aws_lambda_permission",
      "name": "allow_cloudwatch_to_call_scrape_funknwaffle",
      "provider": "provider[\"registry.terraform.io/hashicorp/aws\"]",
      "instances": [
        {
          "schema_version": 0,
          "attributes": {
            "action": "lambda:InvokeFunction",
            "event_source_token": null,
            "function_name": "scrape-funknwaffles-to-rawzone",
            "id": "AllowExecutionFromCloudWatch",
            "principal": "events.amazonaws.com",
            "qualifier": "",
            "source_account": null,
            "source_arn": "arn:aws:events:us-east-1:672446792193:rule/scrape_funknwaffles_once_a_days",
            "statement_id": "AllowExecutionFromCloudWatch",
            "statement_id_prefix": null
          },
          "sensitive_attributes": [],
          "private": "bnVsbA==",
          "dependencies": [
            "module.scrape_funknwaffles.aws_cloudwatch_event_rule.scrape_funknwaffles_once_a_day",
            "module.scrape_funknwaffles.aws_iam_role.role_lambda_scrape_funknwaffles",
            "module.scrape_funknwaffles.aws_lambda_function.lambda_scrape_funknwaffles"
          ]
        }
      ]
    },
    {
      "module": "module.scrape_hotfix",
      "mode": "managed",
      "type": "aws_iam_policy",
      "name": "policy_lambda_scrape_hotfix",
      "provider": "provider[\"registry.terraform.io/hashicorp/aws\"]",
      "instances": [
        {
          "schema_version": 0,
          "attributes": {
            "arn": "arn:aws:iam::672446792193:policy/policy_lambda_scrape_hotfix",
            "description": "IAM policy for lambda_scrape_hotfix lambda",
            "id": "arn:aws:iam::672446792193:policy/policy_lambda_scrape_hotfix",
            "name": "policy_lambda_scrape_hotfix",
            "name_prefix": null,
            "path": "/",
            "policy": "{\"Statement\":[{\"Action\":\"logs:CreateLogGroup\",\"Effect\":\"Allow\",\"Resource\":\"arn:aws:logs:us-east-1:672446792193:*\"},{\"Action\":[\"logs:CreateLogStream\",\"logs:PutLogEvents\"],\"Effect\":\"Allow\",\"Resource\":[\"arn:aws:logs:us-east-1:672446792193:log-group:/aws/lambda/scrape-hotfix-target-to-rawzone:*\"]},{\"Action\":[\"s3:*\"],\"Effect\":\"Allow\",\"Resource\":\"arn:aws:s3:::*\"}],\"Version\":\"2012-10-17\"}",
            "policy_id": "ANPAZZEHTYIAUPFKED7KD",
            "tags": {},
            "tags_all": {}
          },
          "sensitive_attributes": [],
          "private": "bnVsbA=="
        }
      ]
    },
    {
      "module": "module.scrape_hotfix",
      "mode": "managed",
      "type": "aws_iam_role",
      "name": "role_lambda_scrape_hotfix",
      "provider": "provider[\"registry.terraform.io/hashicorp/aws\"]",
      "instances": [
        {
          "schema_version": 0,
          "attributes": {
            "arn": "arn:aws:iam::672446792193:role/role_lambda_scrape_hotfix",
            "assume_role_policy": "{\"Version\":\"2012-10-17\",\"Statement\":[{\"Sid\":\"\",\"Effect\":\"Allow\",\"Principal\":{\"Service\":\"lambda.amazonaws.com\"},\"Action\":\"sts:AssumeRole\"}]}",
            "create_date": "2022-05-27T19:17:09Z",
            "description": "",
            "force_detach_policies": false,
            "id": "role_lambda_scrape_hotfix",
            "inline_policy": [
              {
                "name": "",
                "policy": ""
              }
            ],
            "managed_policy_arns": [
              "arn:aws:iam::672446792193:policy/policy_lambda_scrape_hotfix"
            ],
            "max_session_duration": 3600,
            "name": "role_lambda_scrape_hotfix",
            "name_prefix": "",
            "path": "/",
            "permissions_boundary": null,
            "tags": {},
            "tags_all": {},
            "unique_id": "AROAZZEHTYIA5QLMCDKAD"
          },
          "sensitive_attributes": [],
          "private": "bnVsbA=="
        }
      ]
    },
    {
      "module": "module.scrape_hotfix",
      "mode": "managed",
      "type": "aws_iam_role_policy_attachment",
      "name": "lambda_scrape_hotfix_logs",
      "provider": "provider[\"registry.terraform.io/hashicorp/aws\"]",
      "instances": [
        {
          "schema_version": 0,
          "attributes": {
            "id": "role_lambda_scrape_hotfix-20220527191710709400000001",
            "policy_arn": "arn:aws:iam::672446792193:policy/policy_lambda_scrape_hotfix",
            "role": "role_lambda_scrape_hotfix"
          },
          "sensitive_attributes": [],
          "private": "bnVsbA==",
          "dependencies": [
            "module.scrape_hotfix.aws_iam_policy.policy_lambda_scrape_hotfix",
            "module.scrape_hotfix.aws_iam_role.role_lambda_scrape_hotfix"
          ]
        }
      ]
    },
    {
      "module": "module.scrape_hotfix",
      "mode": "managed",
      "type": "aws_lambda_function",
      "name": "lambda_scrape_hotfix",
      "provider": "provider[\"registry.terraform.io/hashicorp/aws\"]",
      "instances": [
        {
          "schema_version": 0,
          "attributes": {
            "architectures": [
              "x86_64"
            ],
            "arn": "arn:aws:lambda:us-east-1:672446792193:function:scrape-hotfix-target-to-rawzone",
            "code_signing_config_arn": "",
            "dead_letter_config": [],
            "description": "",
            "environment": [],
            "file_system_config": [],
            "filename": "./modules/data_ingestion/scrapper_hotfix/lambda_function.zip",
            "function_name": "scrape-hotfix-target-to-rawzone",
            "handler": "lambda_function.lambda_handler",
            "id": "scrape-hotfix-target-to-rawzone",
            "image_config": [],
            "image_uri": "",
            "invoke_arn": "arn:aws:apigateway:us-east-1:lambda:path/2015-03-31/functions/arn:aws:lambda:us-east-1:672446792193:function:scrape-hotfix-target-to-rawzone/invocations",
            "kms_key_arn": "",
            "last_modified": "2022-05-27T19:47:43.000+0000",
            "layers": [
              "arn:aws:lambda:us-east-1:770693421928:layer:Klayers-p38-requests:1",
              "arn:aws:lambda:us-east-1:770693421928:layer:Klayers-python38-beautifulsoup4:13",
              "arn:aws:lambda:us-east-1:770693421928:layer:Klayers-p38-pandas:1",
              "arn:aws:lambda:us-east-1:770693421928:layer:Klayers-p38-lxml:1"
            ],
            "memory_size": 500,
            "package_type": "Zip",
            "publish": false,
            "qualified_arn": "arn:aws:lambda:us-east-1:672446792193:function:scrape-hotfix-target-to-rawzone:$LATEST",
            "reserved_concurrent_executions": -1,
            "role": "arn:aws:iam::672446792193:role/role_lambda_scrape_hotfix",
            "runtime": "python3.8",
            "s3_bucket": null,
            "s3_key": null,
            "s3_object_version": null,
            "signing_job_arn": "",
            "signing_profile_version_arn": "",
            "source_code_hash": "YT/qfmiZVrI87xjo7++D6XtRxatpKLp6luSTU0ckwv4=",
            "source_code_size": 2321,
            "tags": {},
            "tags_all": {},
            "timeout": 300,
            "timeouts": null,
            "tracing_config": [
              {
                "mode": "PassThrough"
              }
            ],
            "version": "$LATEST",
            "vpc_config": []
          },
          "sensitive_attributes": [],
          "private": "eyJlMmJmYjczMC1lY2FhLTExZTYtOGY4OC0zNDM2M2JjN2M0YzAiOnsiY3JlYXRlIjo2MDAwMDAwMDAwMDB9fQ==",
          "dependencies": [
            "module.scrape_hotfix.aws_iam_role.role_lambda_scrape_hotfix"
          ]
        }
      ]
    },
    {
      "module": "module.scrape_nysfairgrounds",
      "mode": "managed",
      "type": "aws_cloudwatch_event_rule",
      "name": "scrape_nysfairgrounds_once_a_day",
      "provider": "provider[\"registry.terraform.io/hashicorp/aws\"]",
      "instances": [
        {
          "schema_version": 0,
          "attributes": {
            "arn": "arn:aws:events:us-east-1:672446792193:rule/scrape_nysfairgrounds_once_a_days",
            "description": "Fires once a day to scrape nysfairgrounds",
            "event_bus_name": "default",
            "event_pattern": null,
            "id": "scrape_nysfairgrounds_once_a_days",
            "is_enabled": true,
            "name": "scrape_nysfairgrounds_once_a_days",
            "name_prefix": "",
            "role_arn": "",
            "schedule_expression": "cron(00 15 * * ? *)",
            "tags": {},
            "tags_all": {}
          },
          "sensitive_attributes": [],
          "private": "bnVsbA=="
        }
      ]
    },
    {
      "module": "module.scrape_nysfairgrounds",
      "mode": "managed",
      "type": "aws_cloudwatch_event_target",
      "name": "check_scrape_nysfairgrounds_once_a_day",
      "provider": "provider[\"registry.terraform.io/hashicorp/aws\"]",
      "instances": [
        {
          "schema_version": 1,
          "attributes": {
            "arn": "arn:aws:lambda:us-east-1:672446792193:function:scrape-nysfairgrounds-to-rawzone",
            "batch_target": [],
            "dead_letter_config": [],
            "ecs_target": [],
            "event_bus_name": "default",
            "http_target": [],
            "id": "scrape_nysfairgrounds_once_a_days-lambda_scrape_nysfairgrounds",
            "input": "",
            "input_path": "",
            "input_transformer": [],
            "kinesis_target": [],
            "redshift_target": [],
            "retry_policy": [],
            "role_arn": "",
            "rule": "scrape_nysfairgrounds_once_a_days",
            "run_command_targets": [],
            "sqs_target": [],
            "target_id": "lambda_scrape_nysfairgrounds"
          },
          "sensitive_attributes": [],
          "private": "eyJzY2hlbWFfdmVyc2lvbiI6IjEifQ==",
          "dependencies": [
            "module.scrape_nysfairgrounds.aws_cloudwatch_event_rule.scrape_nysfairgrounds_once_a_day",
            "module.scrape_nysfairgrounds.aws_iam_role.role_lambda_scrape_nysfairgrounds",
            "module.scrape_nysfairgrounds.aws_lambda_function.lambda_scrape_nysfairgrounds"
          ]
        }
      ]
    },
    {
      "module": "module.scrape_nysfairgrounds",
      "mode": "managed",
      "type": "aws_iam_policy",
      "name": "policy_lambda_scrape_nysfairgrounds",
      "provider": "provider[\"registry.terraform.io/hashicorp/aws\"]",
      "instances": [
        {
          "schema_version": 0,
          "attributes": {
            "arn": "arn:aws:iam::672446792193:policy/policy_lambda_scrape_nysfairgrounds",
            "description": "IAM policy for lambda_scrape_nysfairgrounds lambda",
            "id": "arn:aws:iam::672446792193:policy/policy_lambda_scrape_nysfairgrounds",
            "name": "policy_lambda_scrape_nysfairgrounds",
            "name_prefix": null,
            "path": "/",
            "policy": "{\"Statement\":[{\"Action\":\"logs:CreateLogGroup\",\"Effect\":\"Allow\",\"Resource\":\"arn:aws:logs:us-east-1:672446792193:*\"},{\"Action\":[\"logs:CreateLogStream\",\"logs:PutLogEvents\"],\"Effect\":\"Allow\",\"Resource\":[\"arn:aws:logs:us-east-1:672446792193:log-group:/aws/lambda/scrape-nysfairgrounds-to-rawzone:*\"]},{\"Action\":[\"s3:*\"],\"Effect\":\"Allow\",\"Resource\":\"arn:aws:s3:::*\"}],\"Version\":\"2012-10-17\"}",
            "policy_id": "ANPAZZEHTYIA5K2TQZE3M",
            "tags": {},
            "tags_all": {}
          },
          "sensitive_attributes": [],
          "private": "bnVsbA=="
        }
      ]
    },
    {
      "module": "module.scrape_nysfairgrounds",
      "mode": "managed",
      "type": "aws_iam_role",
      "name": "role_lambda_scrape_nysfairgrounds",
      "provider": "provider[\"registry.terraform.io/hashicorp/aws\"]",
      "instances": [
        {
          "schema_version": 0,
          "attributes": {
            "arn": "arn:aws:iam::672446792193:role/role_lambda_scrape_nysfairgrounds",
            "assume_role_policy": "{\"Version\":\"2012-10-17\",\"Statement\":[{\"Sid\":\"\",\"Effect\":\"Allow\",\"Principal\":{\"Service\":\"lambda.amazonaws.com\"},\"Action\":\"sts:AssumeRole\"}]}",
            "create_date": "2022-04-12T16:46:05Z",
            "description": "",
            "force_detach_policies": false,
            "id": "role_lambda_scrape_nysfairgrounds",
            "inline_policy": [
              {
                "name": "",
                "policy": ""
              }
            ],
            "managed_policy_arns": [
              "arn:aws:iam::672446792193:policy/policy_lambda_scrape_nysfairgrounds"
            ],
            "max_session_duration": 3600,
            "name": "role_lambda_scrape_nysfairgrounds",
            "name_prefix": "",
            "path": "/",
            "permissions_boundary": null,
            "tags": {},
            "tags_all": {},
            "unique_id": "AROAZZEHTYIA5GNLVJQOW"
          },
          "sensitive_attributes": [],
          "private": "bnVsbA=="
        }
      ]
    },
    {
      "module": "module.scrape_nysfairgrounds",
      "mode": "managed",
      "type": "aws_iam_role_policy_attachment",
      "name": "lambda_scrape_nysfairgrounds_logs",
      "provider": "provider[\"registry.terraform.io/hashicorp/aws\"]",
      "instances": [
        {
          "schema_version": 0,
          "attributes": {
            "id": "role_lambda_scrape_nysfairgrounds-20220412164606198400000001",
            "policy_arn": "arn:aws:iam::672446792193:policy/policy_lambda_scrape_nysfairgrounds",
            "role": "role_lambda_scrape_nysfairgrounds"
          },
          "sensitive_attributes": [],
          "private": "bnVsbA==",
          "dependencies": [
            "module.scrape_nysfairgrounds.aws_iam_policy.policy_lambda_scrape_nysfairgrounds",
            "module.scrape_nysfairgrounds.aws_iam_role.role_lambda_scrape_nysfairgrounds"
          ]
        }
      ]
    },
    {
      "module": "module.scrape_nysfairgrounds",
      "mode": "managed",
      "type": "aws_lambda_function",
      "name": "lambda_scrape_nysfairgrounds",
      "provider": "provider[\"registry.terraform.io/hashicorp/aws\"]",
      "instances": [
        {
          "schema_version": 0,
          "attributes": {
            "architectures": [
              "x86_64"
            ],
            "arn": "arn:aws:lambda:us-east-1:672446792193:function:scrape-nysfairgrounds-to-rawzone",
            "code_signing_config_arn": "",
            "dead_letter_config": [],
            "description": "",
            "environment": [],
            "file_system_config": [],
            "filename": "./modules/data_ingestion/scrapper_nysfairgrounds/lambda_function.zip",
            "function_name": "scrape-nysfairgrounds-to-rawzone",
            "handler": "lambda_function.lambda_handler",
            "id": "scrape-nysfairgrounds-to-rawzone",
            "image_config": [],
            "image_uri": "",
            "invoke_arn": "arn:aws:apigateway:us-east-1:lambda:path/2015-03-31/functions/arn:aws:lambda:us-east-1:672446792193:function:scrape-nysfairgrounds-to-rawzone/invocations",
            "kms_key_arn": "",
            "last_modified": "2022-04-14T12:46:19.000+0000",
            "layers": [
              "arn:aws:lambda:us-east-1:770693421928:layer:Klayers-p38-requests:1",
              "arn:aws:lambda:us-east-1:770693421928:layer:Klayers-python38-beautifulsoup4:13",
              "arn:aws:lambda:us-east-1:770693421928:layer:Klayers-p38-pandas:1",
              "arn:aws:lambda:us-east-1:770693421928:layer:Klayers-p38-lxml:1"
            ],
            "memory_size": 500,
            "package_type": "Zip",
            "publish": false,
            "qualified_arn": "arn:aws:lambda:us-east-1:672446792193:function:scrape-nysfairgrounds-to-rawzone:$LATEST",
            "reserved_concurrent_executions": -1,
            "role": "arn:aws:iam::672446792193:role/role_lambda_scrape_nysfairgrounds",
            "runtime": "python3.8",
            "s3_bucket": null,
            "s3_key": null,
            "s3_object_version": null,
            "signing_job_arn": "",
            "signing_profile_version_arn": "",
            "source_code_hash": "E9S57Ka5lcTJ7blzc1/e4Te1o62oHrN2KivbXLgu7r0=",
            "source_code_size": 1628,
            "tags": {},
            "tags_all": {},
            "timeout": 300,
            "timeouts": null,
            "tracing_config": [
              {
                "mode": "PassThrough"
              }
            ],
            "version": "$LATEST",
            "vpc_config": []
          },
          "sensitive_attributes": [],
          "private": "eyJlMmJmYjczMC1lY2FhLTExZTYtOGY4OC0zNDM2M2JjN2M0YzAiOnsiY3JlYXRlIjo2MDAwMDAwMDAwMDB9fQ==",
          "dependencies": [
            "module.scrape_nysfairgrounds.aws_iam_role.role_lambda_scrape_nysfairgrounds"
          ]
        }
      ]
    },
    {
      "module": "module.scrape_nysfairgrounds",
      "mode": "managed",
      "type": "aws_lambda_permission",
      "name": "allow_cloudwatch_to_call_scrape_nysfairgrounds",
      "provider": "provider[\"registry.terraform.io/hashicorp/aws\"]",
      "instances": [
        {
          "schema_version": 0,
          "attributes": {
            "action": "lambda:InvokeFunction",
            "event_source_token": null,
            "function_name": "scrape-nysfairgrounds-to-rawzone",
            "id": "AllowExecutionFromCloudWatch",
            "principal": "events.amazonaws.com",
            "qualifier": "",
            "source_account": null,
            "source_arn": "arn:aws:events:us-east-1:672446792193:rule/scrape_nysfairgrounds_once_a_days",
            "statement_id": "AllowExecutionFromCloudWatch",
            "statement_id_prefix": null
          },
          "sensitive_attributes": [],
          "private": "bnVsbA==",
          "dependencies": [
            "module.scrape_nysfairgrounds.aws_cloudwatch_event_rule.scrape_nysfairgrounds_once_a_day",
            "module.scrape_nysfairgrounds.aws_iam_role.role_lambda_scrape_nysfairgrounds",
            "module.scrape_nysfairgrounds.aws_lambda_function.lambda_scrape_nysfairgrounds"
          ]
        }
      ]
    },
    {
      "module": "module.scrape_stepoutside_cuse",
      "mode": "managed",
      "type": "aws_cloudwatch_event_rule",
      "name": "scrape_stepoutside_cuse_once_a_day",
      "provider": "provider[\"registry.terraform.io/hashicorp/aws\"]",
      "instances": [
        {
          "schema_version": 0,
          "attributes": {
            "arn": "arn:aws:events:us-east-1:672446792193:rule/scrape_stepoutside_cuse_once_a_days",
            "description": "Fires once a day to scrape stepoutside_cuse",
            "event_bus_name": "default",
            "event_pattern": null,
            "id": "scrape_stepoutside_cuse_once_a_days",
            "is_enabled": true,
            "name": "scrape_stepoutside_cuse_once_a_days",
            "name_prefix": "",
            "role_arn": "",
            "schedule_expression": "cron(00 15 * * ? *)",
            "tags": {},
            "tags_all": {}
          },
          "sensitive_attributes": [],
          "private": "bnVsbA=="
        }
      ]
    },
    {
      "module": "module.scrape_stepoutside_cuse",
      "mode": "managed",
      "type": "aws_cloudwatch_event_target",
      "name": "check_scrape_stepoutside_cuse_once_a_day",
      "provider": "provider[\"registry.terraform.io/hashicorp/aws\"]",
      "instances": [
        {
          "schema_version": 1,
          "attributes": {
            "arn": "arn:aws:lambda:us-east-1:672446792193:function:scrape-stepoutsidecuse-to-rawzone",
            "batch_target": [],
            "dead_letter_config": [],
            "ecs_target": [],
            "event_bus_name": "default",
            "http_target": [],
            "id": "scrape_stepoutside_cuse_once_a_days-lambda_scrape_stepoutside_cuse",
            "input": "",
            "input_path": "",
            "input_transformer": [],
            "kinesis_target": [],
            "redshift_target": [],
            "retry_policy": [],
            "role_arn": "",
            "rule": "scrape_stepoutside_cuse_once_a_days",
            "run_command_targets": [],
            "sqs_target": [],
            "target_id": "lambda_scrape_stepoutside_cuse"
          },
          "sensitive_attributes": [],
          "private": "eyJzY2hlbWFfdmVyc2lvbiI6IjEifQ==",
          "dependencies": [
            "module.scrape_stepoutside_cuse.aws_cloudwatch_event_rule.scrape_stepoutside_cuse_once_a_day",
            "module.scrape_stepoutside_cuse.aws_iam_role.role_lambda_scrape_stepoutside_cuse",
            "module.scrape_stepoutside_cuse.aws_lambda_function.lambda_scrape_stepoutside_cuse"
          ]
        }
      ]
    },
    {
      "module": "module.scrape_stepoutside_cuse",
      "mode": "managed",
      "type": "aws_iam_policy",
      "name": "policy_lambda_scrape_stepoutside_cuse",
      "provider": "provider[\"registry.terraform.io/hashicorp/aws\"]",
      "instances": [
        {
          "schema_version": 0,
          "attributes": {
            "arn": "arn:aws:iam::672446792193:policy/policy_lambda_scrape_stepoutside_cuse",
            "description": "IAM policy for lambda_scrape_stepoutside_cuse lambda",
            "id": "arn:aws:iam::672446792193:policy/policy_lambda_scrape_stepoutside_cuse",
            "name": "policy_lambda_scrape_stepoutside_cuse",
            "name_prefix": null,
            "path": "/",
            "policy": "{\"Statement\":[{\"Action\":\"logs:CreateLogGroup\",\"Effect\":\"Allow\",\"Resource\":\"arn:aws:logs:us-east-1:672446792193:*\"},{\"Action\":[\"logs:CreateLogStream\",\"logs:PutLogEvents\"],\"Effect\":\"Allow\",\"Resource\":[\"arn:aws:logs:us-east-1:672446792193:log-group:/aws/lambda/scrape-stepoutsidecuse-to-rawzone:*\"]},{\"Action\":[\"s3:*\"],\"Effect\":\"Allow\",\"Resource\":\"arn:aws:s3:::*\"}],\"Version\":\"2012-10-17\"}",
            "policy_id": "ANPAZZEHTYIA6RC3KQBR3",
            "tags": {},
            "tags_all": {}
          },
          "sensitive_attributes": [],
          "private": "bnVsbA=="
        }
      ]
    },
    {
      "module": "module.scrape_stepoutside_cuse",
      "mode": "managed",
      "type": "aws_iam_role",
      "name": "role_lambda_scrape_stepoutside_cuse",
      "provider": "provider[\"registry.terraform.io/hashicorp/aws\"]",
      "instances": [
        {
          "schema_version": 0,
          "attributes": {
            "arn": "arn:aws:iam::672446792193:role/role_lambda_scrape_stepoutside_cuse",
            "assume_role_policy": "{\"Version\":\"2012-10-17\",\"Statement\":[{\"Sid\":\"\",\"Effect\":\"Allow\",\"Principal\":{\"Service\":\"lambda.amazonaws.com\"},\"Action\":\"sts:AssumeRole\"}]}",
            "create_date": "2022-04-19T23:36:17Z",
            "description": "",
            "force_detach_policies": false,
            "id": "role_lambda_scrape_stepoutside_cuse",
            "inline_policy": [
              {
                "name": "",
                "policy": ""
              }
            ],
            "managed_policy_arns": [
              "arn:aws:iam::672446792193:policy/policy_lambda_scrape_stepoutside_cuse"
            ],
            "max_session_duration": 3600,
            "name": "role_lambda_scrape_stepoutside_cuse",
            "name_prefix": "",
            "path": "/",
            "permissions_boundary": null,
            "tags": {},
            "tags_all": {},
            "unique_id": "AROAZZEHTYIA4XJKGLYK6"
          },
          "sensitive_attributes": [],
          "private": "bnVsbA=="
        }
      ]
    },
    {
      "module": "module.scrape_stepoutside_cuse",
      "mode": "managed",
      "type": "aws_iam_role_policy_attachment",
      "name": "lambda_scrape_stepoutside_cuse_logs",
      "provider": "provider[\"registry.terraform.io/hashicorp/aws\"]",
      "instances": [
        {
          "schema_version": 0,
          "attributes": {
            "id": "role_lambda_scrape_stepoutside_cuse-20220419233618403800000001",
            "policy_arn": "arn:aws:iam::672446792193:policy/policy_lambda_scrape_stepoutside_cuse",
            "role": "role_lambda_scrape_stepoutside_cuse"
          },
          "sensitive_attributes": [],
          "private": "bnVsbA==",
          "dependencies": [
            "module.scrape_stepoutside_cuse.aws_iam_policy.policy_lambda_scrape_stepoutside_cuse",
            "module.scrape_stepoutside_cuse.aws_iam_role.role_lambda_scrape_stepoutside_cuse"
          ]
        }
      ]
    },
    {
      "module": "module.scrape_stepoutside_cuse",
      "mode": "managed",
      "type": "aws_lambda_function",
      "name": "lambda_scrape_stepoutside_cuse",
      "provider": "provider[\"registry.terraform.io/hashicorp/aws\"]",
      "instances": [
        {
          "schema_version": 0,
          "attributes": {
            "architectures": [
              "x86_64"
            ],
            "arn": "arn:aws:lambda:us-east-1:672446792193:function:scrape-stepoutsidecuse-to-rawzone",
            "code_signing_config_arn": "",
            "dead_letter_config": [],
            "description": "",
            "environment": [],
            "file_system_config": [],
            "filename": "./modules/data_ingestion/scrapper_stepoutside_cuse/lambda_function.zip",
            "function_name": "scrape-stepoutsidecuse-to-rawzone",
            "handler": "lambda_function.lambda_handler",
            "id": "scrape-stepoutsidecuse-to-rawzone",
            "image_config": [],
            "image_uri": "",
            "invoke_arn": "arn:aws:apigateway:us-east-1:lambda:path/2015-03-31/functions/arn:aws:lambda:us-east-1:672446792193:function:scrape-stepoutsidecuse-to-rawzone/invocations",
            "kms_key_arn": "",
            "last_modified": "2022-05-28T02:04:57.000+0000",
            "layers": [
              "arn:aws:lambda:us-east-1:770693421928:layer:Klayers-p38-requests:1",
              "arn:aws:lambda:us-east-1:770693421928:layer:Klayers-python38-beautifulsoup4:13",
              "arn:aws:lambda:us-east-1:770693421928:layer:Klayers-p38-pandas:1",
              "arn:aws:lambda:us-east-1:770693421928:layer:Klayers-p38-lxml:1"
            ],
            "memory_size": 500,
            "package_type": "Zip",
            "publish": false,
            "qualified_arn": "arn:aws:lambda:us-east-1:672446792193:function:scrape-stepoutsidecuse-to-rawzone:$LATEST",
            "reserved_concurrent_executions": -1,
            "role": "arn:aws:iam::672446792193:role/role_lambda_scrape_stepoutside_cuse",
            "runtime": "python3.8",
            "s3_bucket": null,
            "s3_key": null,
            "s3_object_version": null,
            "signing_job_arn": "",
            "signing_profile_version_arn": "",
            "source_code_hash": "zCm85EAymrefH/QIYJj6a3eQD9hAT2LT6aqybIS9cyQ=",
            "source_code_size": 2943,
            "tags": {},
            "tags_all": {},
            "timeout": 300,
            "timeouts": null,
            "tracing_config": [
              {
                "mode": "PassThrough"
              }
            ],
            "version": "$LATEST",
            "vpc_config": []
          },
          "sensitive_attributes": [],
          "private": "eyJlMmJmYjczMC1lY2FhLTExZTYtOGY4OC0zNDM2M2JjN2M0YzAiOnsiY3JlYXRlIjo2MDAwMDAwMDAwMDB9fQ==",
          "dependencies": [
            "module.scrape_stepoutside_cuse.aws_iam_role.role_lambda_scrape_stepoutside_cuse"
          ]
        }
      ]
    },
    {
      "module": "module.scrape_stepoutside_cuse",
      "mode": "managed",
      "type": "aws_lambda_permission",
      "name": "allow_cloudwatch_to_call_scrape_stepoutside_cuse",
      "provider": "provider[\"registry.terraform.io/hashicorp/aws\"]",
      "instances": [
        {
          "schema_version": 0,
          "attributes": {
            "action": "lambda:InvokeFunction",
            "event_source_token": null,
            "function_name": "scrape-stepoutsidecuse-to-rawzone",
            "id": "AllowExecutionFromCloudWatch",
            "principal": "events.amazonaws.com",
            "qualifier": "",
            "source_account": null,
            "source_arn": "arn:aws:events:us-east-1:672446792193:rule/scrape_stepoutside_cuse_once_a_days",
            "statement_id": "AllowExecutionFromCloudWatch",
            "statement_id_prefix": null
          },
          "sensitive_attributes": [],
          "private": "bnVsbA==",
          "dependencies": [
            "module.scrape_stepoutside_cuse.aws_cloudwatch_event_rule.scrape_stepoutside_cuse_once_a_day",
            "module.scrape_stepoutside_cuse.aws_iam_role.role_lambda_scrape_stepoutside_cuse",
            "module.scrape_stepoutside_cuse.aws_lambda_function.lambda_scrape_stepoutside_cuse"
          ]
        }
      ]
    },
    {
      "module": "module.scrape_syracusetriviacompany",
      "mode": "managed",
      "type": "aws_cloudwatch_event_rule",
      "name": "scrape_syracusetriviacompany_once_a_day",
      "provider": "provider[\"registry.terraform.io/hashicorp/aws\"]",
      "instances": [
        {
          "schema_version": 0,
          "attributes": {
            "arn": "arn:aws:events:us-east-1:672446792193:rule/scrape_syracusetriviacompany_once_a_days",
            "description": "Fires once a day to scrape syracusetriviacompany",
            "event_bus_name": "default",
            "event_pattern": null,
            "id": "scrape_syracusetriviacompany_once_a_days",
            "is_enabled": true,
            "name": "scrape_syracusetriviacompany_once_a_days",
            "name_prefix": "",
            "role_arn": "",
            "schedule_expression": "cron(00 15 * * ? *)",
            "tags": {},
            "tags_all": {}
          },
          "sensitive_attributes": [],
          "private": "bnVsbA=="
        }
      ]
    },
    {
      "module": "module.scrape_syracusetriviacompany",
      "mode": "managed",
      "type": "aws_cloudwatch_event_target",
      "name": "check_scrape_syracusetriviacompany_once_a_day",
      "provider": "provider[\"registry.terraform.io/hashicorp/aws\"]",
      "instances": [
        {
          "schema_version": 1,
          "attributes": {
            "arn": "arn:aws:lambda:us-east-1:672446792193:function:scrape-syracusetriviacompany-to-rawzone",
            "batch_target": [],
            "dead_letter_config": [],
            "ecs_target": [],
            "event_bus_name": "default",
            "http_target": [],
            "id": "scrape_syracusetriviacompany_once_a_days-lambda_scrape_syracusetriviacompany",
            "input": "",
            "input_path": "",
            "input_transformer": [],
            "kinesis_target": [],
            "redshift_target": [],
            "retry_policy": [],
            "role_arn": "",
            "rule": "scrape_syracusetriviacompany_once_a_days",
            "run_command_targets": [],
            "sqs_target": [],
            "target_id": "lambda_scrape_syracusetriviacompany"
          },
          "sensitive_attributes": [],
          "private": "eyJzY2hlbWFfdmVyc2lvbiI6IjEifQ==",
          "dependencies": [
            "module.scrape_syracusetriviacompany.aws_cloudwatch_event_rule.scrape_syracusetriviacompany_once_a_day",
            "module.scrape_syracusetriviacompany.aws_iam_role.role_lambda_scrape_syracusetriviacompany",
            "module.scrape_syracusetriviacompany.aws_lambda_function.lambda_scrape_syracusetriviacompany"
          ]
        }
      ]
    },
    {
      "module": "module.scrape_syracusetriviacompany",
      "mode": "managed",
      "type": "aws_iam_policy",
      "name": "policy_lambda_scrape_syracusetriviacompany",
      "provider": "provider[\"registry.terraform.io/hashicorp/aws\"]",
      "instances": [
        {
          "schema_version": 0,
          "attributes": {
            "arn": "arn:aws:iam::672446792193:policy/policy_lambda_scrape_syracusetriviacompany",
            "description": "IAM policy for lambda_scrape_syracusetriviacompany lambda",
            "id": "arn:aws:iam::672446792193:policy/policy_lambda_scrape_syracusetriviacompany",
            "name": "policy_lambda_scrape_syracusetriviacompany",
            "name_prefix": null,
            "path": "/",
            "policy": "{\"Statement\":[{\"Action\":\"logs:CreateLogGroup\",\"Effect\":\"Allow\",\"Resource\":\"arn:aws:logs:us-east-1:672446792193:*\"},{\"Action\":[\"logs:CreateLogStream\",\"logs:PutLogEvents\"],\"Effect\":\"Allow\",\"Resource\":[\"arn:aws:logs:us-east-1:672446792193:log-group:/aws/lambda/scrape-syracusetriviacompany-to-rawzone:*\"]},{\"Action\":[\"s3:*\"],\"Effect\":\"Allow\",\"Resource\":\"arn:aws:s3:::*\"}],\"Version\":\"2012-10-17\"}",
            "policy_id": "ANPAZZEHTYIAVPRIG7P2X",
            "tags": {},
            "tags_all": {}
          },
          "sensitive_attributes": [],
          "private": "bnVsbA=="
        }
      ]
    },
    {
      "module": "module.scrape_syracusetriviacompany",
      "mode": "managed",
      "type": "aws_iam_role",
      "name": "role_lambda_scrape_syracusetriviacompany",
      "provider": "provider[\"registry.terraform.io/hashicorp/aws\"]",
      "instances": [
        {
          "schema_version": 0,
          "attributes": {
            "arn": "arn:aws:iam::672446792193:role/role_lambda_scrape_syracusetriviacompany",
            "assume_role_policy": "{\"Version\":\"2012-10-17\",\"Statement\":[{\"Sid\":\"\",\"Effect\":\"Allow\",\"Principal\":{\"Service\":\"lambda.amazonaws.com\"},\"Action\":\"sts:AssumeRole\"}]}",
            "create_date": "2022-04-19T15:12:05Z",
            "description": "",
            "force_detach_policies": false,
            "id": "role_lambda_scrape_syracusetriviacompany",
            "inline_policy": [
              {
                "name": "",
                "policy": ""
              }
            ],
            "managed_policy_arns": [
              "arn:aws:iam::672446792193:policy/policy_lambda_scrape_syracusetriviacompany"
            ],
            "max_session_duration": 3600,
            "name": "role_lambda_scrape_syracusetriviacompany",
            "name_prefix": "",
            "path": "/",
            "permissions_boundary": null,
            "tags": {},
            "tags_all": {},
            "unique_id": "AROAZZEHTYIAUYKHXIW6K"
          },
          "sensitive_attributes": [],
          "private": "bnVsbA=="
        }
      ]
    },
    {
      "module": "module.scrape_syracusetriviacompany",
      "mode": "managed",
      "type": "aws_iam_role_policy_attachment",
      "name": "lambda_scrape_syracusetriviacompany_logs",
      "provider": "provider[\"registry.terraform.io/hashicorp/aws\"]",
      "instances": [
        {
          "schema_version": 0,
          "attributes": {
            "id": "role_lambda_scrape_syracusetriviacompany-20220419151206532300000001",
            "policy_arn": "arn:aws:iam::672446792193:policy/policy_lambda_scrape_syracusetriviacompany",
            "role": "role_lambda_scrape_syracusetriviacompany"
          },
          "sensitive_attributes": [],
          "private": "bnVsbA==",
          "dependencies": [
            "module.scrape_syracusetriviacompany.aws_iam_policy.policy_lambda_scrape_syracusetriviacompany",
            "module.scrape_syracusetriviacompany.aws_iam_role.role_lambda_scrape_syracusetriviacompany"
          ]
        }
      ]
    },
    {
      "module": "module.scrape_syracusetriviacompany",
      "mode": "managed",
      "type": "aws_lambda_function",
      "name": "lambda_scrape_syracusetriviacompany",
      "provider": "provider[\"registry.terraform.io/hashicorp/aws\"]",
      "instances": [
        {
          "schema_version": 0,
          "attributes": {
            "architectures": [
              "x86_64"
            ],
            "arn": "arn:aws:lambda:us-east-1:672446792193:function:scrape-syracusetriviacompany-to-rawzone",
            "code_signing_config_arn": "",
            "dead_letter_config": [],
            "description": "",
            "environment": [],
            "file_system_config": [],
            "filename": "./modules/data_ingestion/scrapper_syracusetriviacompany/lambda_function.zip",
            "function_name": "scrape-syracusetriviacompany-to-rawzone",
            "handler": "lambda_function.lambda_handler",
            "id": "scrape-syracusetriviacompany-to-rawzone",
            "image_config": [],
            "image_uri": "",
            "invoke_arn": "arn:aws:apigateway:us-east-1:lambda:path/2015-03-31/functions/arn:aws:lambda:us-east-1:672446792193:function:scrape-syracusetriviacompany-to-rawzone/invocations",
            "kms_key_arn": "",
            "last_modified": "2022-04-19T15:36:56.000+0000",
            "layers": [
              "arn:aws:lambda:us-east-1:770693421928:layer:Klayers-p38-requests:1",
              "arn:aws:lambda:us-east-1:770693421928:layer:Klayers-python38-beautifulsoup4:13",
              "arn:aws:lambda:us-east-1:770693421928:layer:Klayers-p38-pandas:1",
              "arn:aws:lambda:us-east-1:770693421928:layer:Klayers-p38-lxml:1"
            ],
            "memory_size": 500,
            "package_type": "Zip",
            "publish": false,
            "qualified_arn": "arn:aws:lambda:us-east-1:672446792193:function:scrape-syracusetriviacompany-to-rawzone:$LATEST",
            "reserved_concurrent_executions": -1,
            "role": "arn:aws:iam::672446792193:role/role_lambda_scrape_syracusetriviacompany",
            "runtime": "python3.8",
            "s3_bucket": null,
            "s3_key": null,
            "s3_object_version": null,
            "signing_job_arn": "",
            "signing_profile_version_arn": "",
            "source_code_hash": "WAm/pLGpnPK05+KHlgqXET0od1Vy8AVtj/DmxYtvcyc=",
            "source_code_size": 1608,
            "tags": {},
            "tags_all": {},
            "timeout": 300,
            "timeouts": null,
            "tracing_config": [
              {
                "mode": "PassThrough"
              }
            ],
            "version": "$LATEST",
            "vpc_config": []
          },
          "sensitive_attributes": [],
          "private": "eyJlMmJmYjczMC1lY2FhLTExZTYtOGY4OC0zNDM2M2JjN2M0YzAiOnsiY3JlYXRlIjo2MDAwMDAwMDAwMDB9fQ==",
          "dependencies": [
            "module.scrape_syracusetriviacompany.aws_iam_role.role_lambda_scrape_syracusetriviacompany"
          ]
        }
      ]
    },
    {
      "module": "module.scrape_syracusetriviacompany",
      "mode": "managed",
      "type": "aws_lambda_permission",
      "name": "allow_cloudwatch_to_call_scrape_syracusetriviacompany",
      "provider": "provider[\"registry.terraform.io/hashicorp/aws\"]",
      "instances": [
        {
          "schema_version": 0,
          "attributes": {
            "action": "lambda:InvokeFunction",
            "event_source_token": null,
            "function_name": "scrape-syracusetriviacompany-to-rawzone",
            "id": "AllowExecutionFromCloudWatch",
            "principal": "events.amazonaws.com",
            "qualifier": "",
            "source_account": null,
            "source_arn": "arn:aws:events:us-east-1:672446792193:rule/scrape_syracusetriviacompany_once_a_days",
            "statement_id": "AllowExecutionFromCloudWatch",
            "statement_id_prefix": null
          },
          "sensitive_attributes": [],
          "private": "bnVsbA==",
          "dependencies": [
            "module.scrape_syracusetriviacompany.aws_cloudwatch_event_rule.scrape_syracusetriviacompany_once_a_day",
            "module.scrape_syracusetriviacompany.aws_iam_role.role_lambda_scrape_syracusetriviacompany",
            "module.scrape_syracusetriviacompany.aws_lambda_function.lambda_scrape_syracusetriviacompany"
          ]
        }
      ]
    },
    {
      "module": "module.scrape_visitsyr",
      "mode": "managed",
      "type": "aws_cloudwatch_event_rule",
      "name": "scrape_visitsyr_once_a_day",
      "provider": "provider[\"registry.terraform.io/hashicorp/aws\"]",
      "instances": [
        {
          "schema_version": 0,
          "attributes": {
            "arn": "arn:aws:events:us-east-1:672446792193:rule/scrape_visitsyr_once_a_days",
            "description": "Fires once a day to scrape visitsyr",
            "event_bus_name": "default",
            "event_pattern": null,
            "id": "scrape_visitsyr_once_a_days",
            "is_enabled": true,
            "name": "scrape_visitsyr_once_a_days",
            "name_prefix": "",
            "role_arn": "",
            "schedule_expression": "cron(00 15 * * ? *)",
            "tags": {},
            "tags_all": {}
          },
          "sensitive_attributes": [],
          "private": "bnVsbA=="
        }
      ]
    },
    {
      "module": "module.scrape_visitsyr",
      "mode": "managed",
      "type": "aws_cloudwatch_event_target",
      "name": "check_scrape_visitsyr_once_a_day",
      "provider": "provider[\"registry.terraform.io/hashicorp/aws\"]",
      "instances": [
        {
          "schema_version": 1,
          "attributes": {
            "arn": "arn:aws:lambda:us-east-1:672446792193:function:scrape-visitsyr-to-rawzone",
            "batch_target": [],
            "dead_letter_config": [],
            "ecs_target": [],
            "event_bus_name": "default",
            "http_target": [],
            "id": "scrape_visitsyr_once_a_days-lambda_scrape_visitsyr",
            "input": "",
            "input_path": "",
            "input_transformer": [],
            "kinesis_target": [],
            "redshift_target": [],
            "retry_policy": [],
            "role_arn": "",
            "rule": "scrape_visitsyr_once_a_days",
            "run_command_targets": [],
            "sqs_target": [],
            "target_id": "lambda_scrape_visitsyr"
          },
          "sensitive_attributes": [],
          "private": "eyJzY2hlbWFfdmVyc2lvbiI6IjEifQ==",
          "dependencies": [
            "module.scrape_visitsyr.aws_cloudwatch_event_rule.scrape_visitsyr_once_a_day",
            "module.scrape_visitsyr.aws_iam_role.role_lambda_scrape_visitsyr",
            "module.scrape_visitsyr.aws_lambda_function.lambda_scrape_visitsyr"
          ]
        }
      ]
    },
    {
      "module": "module.scrape_visitsyr",
      "mode": "managed",
      "type": "aws_iam_policy",
      "name": "policy_lambda_scrape_visitsyr",
      "provider": "provider[\"registry.terraform.io/hashicorp/aws\"]",
      "instances": [
        {
          "schema_version": 0,
          "attributes": {
            "arn": "arn:aws:iam::672446792193:policy/policy_lambda_scrape_visitsyr",
            "description": "IAM policy for lambda_scrape_visitsyr lambda",
            "id": "arn:aws:iam::672446792193:policy/policy_lambda_scrape_visitsyr",
            "name": "policy_lambda_scrape_visitsyr",
            "name_prefix": null,
            "path": "/",
            "policy": "{\"Statement\":[{\"Action\":\"logs:CreateLogGroup\",\"Effect\":\"Allow\",\"Resource\":\"arn:aws:logs:us-east-1:672446792193:*\"},{\"Action\":[\"logs:CreateLogStream\",\"logs:PutLogEvents\"],\"Effect\":\"Allow\",\"Resource\":[\"arn:aws:logs:us-east-1:672446792193:log-group:/aws/lambda/scrape-visitsyr-to-rawzone:*\"]},{\"Action\":[\"s3:*\"],\"Effect\":\"Allow\",\"Resource\":\"arn:aws:s3:::*\"}],\"Version\":\"2012-10-17\"}",
            "policy_id": "ANPAZZEHTYIA5RYEYITAF",
            "tags": {},
            "tags_all": {}
          },
          "sensitive_attributes": [],
          "private": "bnVsbA=="
        }
      ]
    },
    {
      "module": "module.scrape_visitsyr",
      "mode": "managed",
      "type": "aws_iam_role",
      "name": "role_lambda_scrape_visitsyr",
      "provider": "provider[\"registry.terraform.io/hashicorp/aws\"]",
      "instances": [
        {
          "schema_version": 0,
          "attributes": {
            "arn": "arn:aws:iam::672446792193:role/role_lambda_scrape_visitsyr",
            "assume_role_policy": "{\"Version\":\"2012-10-17\",\"Statement\":[{\"Sid\":\"\",\"Effect\":\"Allow\",\"Principal\":{\"Service\":\"lambda.amazonaws.com\"},\"Action\":\"sts:AssumeRole\"}]}",
            "create_date": "2022-06-10T18:55:06Z",
            "description": "",
            "force_detach_policies": false,
            "id": "role_lambda_scrape_visitsyr",
            "inline_policy": [
              {
                "name": "",
                "policy": ""
              }
            ],
            "managed_policy_arns": [
              "arn:aws:iam::672446792193:policy/policy_lambda_scrape_visitsyr"
            ],
            "max_session_duration": 3600,
            "name": "role_lambda_scrape_visitsyr",
            "name_prefix": "",
            "path": "/",
            "permissions_boundary": null,
            "tags": {},
            "tags_all": {},
            "unique_id": "AROAZZEHTYIAWQFLEP5F3"
          },
          "sensitive_attributes": [],
          "private": "bnVsbA=="
        }
      ]
    },
    {
      "module": "module.scrape_visitsyr",
      "mode": "managed",
      "type": "aws_iam_role_policy_attachment",
      "name": "lambda_scrape_visitsyr_logs",
      "provider": "provider[\"registry.terraform.io/hashicorp/aws\"]",
      "instances": [
        {
          "schema_version": 0,
          "attributes": {
            "id": "role_lambda_scrape_visitsyr-20220610185507626700000001",
            "policy_arn": "arn:aws:iam::672446792193:policy/policy_lambda_scrape_visitsyr",
            "role": "role_lambda_scrape_visitsyr"
          },
          "sensitive_attributes": [],
          "private": "bnVsbA==",
          "dependencies": [
            "module.scrape_visitsyr.aws_iam_policy.policy_lambda_scrape_visitsyr",
            "module.scrape_visitsyr.aws_iam_role.role_lambda_scrape_visitsyr"
          ]
        }
      ]
    },
    {
      "module": "module.scrape_visitsyr",
      "mode": "managed",
      "type": "aws_lambda_function",
      "name": "lambda_scrape_visitsyr",
      "provider": "provider[\"registry.terraform.io/hashicorp/aws\"]",
      "instances": [
        {
          "schema_version": 0,
          "attributes": {
            "architectures": [
              "x86_64"
            ],
            "arn": "arn:aws:lambda:us-east-1:672446792193:function:scrape-visitsyr-to-rawzone",
            "code_signing_config_arn": "",
            "dead_letter_config": [],
            "description": "",
            "environment": [],
            "file_system_config": [],
            "filename": "./modules/data_ingestion/scrapper_visitsyr/lambda_function.zip",
            "function_name": "scrape-visitsyr-to-rawzone",
            "handler": "lambda_function.lambda_handler",
            "id": "scrape-visitsyr-to-rawzone",
            "image_config": [],
            "image_uri": "",
            "invoke_arn": "arn:aws:apigateway:us-east-1:lambda:path/2015-03-31/functions/arn:aws:lambda:us-east-1:672446792193:function:scrape-visitsyr-to-rawzone/invocations",
            "kms_key_arn": "",
            "last_modified": "2022-06-25T18:40:51.000+0000",
            "layers": [
              "arn:aws:lambda:us-east-1:770693421928:layer:Klayers-p38-requests:1",
              "arn:aws:lambda:us-east-1:770693421928:layer:Klayers-python38-beautifulsoup4:13",
              "arn:aws:lambda:us-east-1:770693421928:layer:Klayers-p38-pandas:1",
              "arn:aws:lambda:us-east-1:770693421928:layer:Klayers-p38-lxml:1"
            ],
            "memory_size": 500,
            "package_type": "Zip",
            "publish": false,
            "qualified_arn": "arn:aws:lambda:us-east-1:672446792193:function:scrape-visitsyr-to-rawzone:$LATEST",
            "reserved_concurrent_executions": -1,
            "role": "arn:aws:iam::672446792193:role/role_lambda_scrape_visitsyr",
            "runtime": "python3.8",
            "s3_bucket": null,
            "s3_key": null,
            "s3_object_version": null,
            "signing_job_arn": "",
            "signing_profile_version_arn": "",
            "source_code_hash": "X94DC18eKqH+nTytpPksl/gPRpxmgJOSy/2B+iByZ4g=",
            "source_code_size": 3593,
            "tags": {},
            "tags_all": {},
            "timeout": 300,
            "timeouts": null,
            "tracing_config": [
              {
                "mode": "PassThrough"
              }
            ],
            "version": "$LATEST",
            "vpc_config": []
          },
          "sensitive_attributes": [],
          "private": "eyJlMmJmYjczMC1lY2FhLTExZTYtOGY4OC0zNDM2M2JjN2M0YzAiOnsiY3JlYXRlIjo2MDAwMDAwMDAwMDB9fQ==",
          "dependencies": [
            "module.scrape_visitsyr.aws_iam_role.role_lambda_scrape_visitsyr"
          ]
        }
      ]
    },
    {
      "module": "module.scrape_visitsyr",
      "mode": "managed",
      "type": "aws_lambda_permission",
      "name": "allow_cloudwatch_to_call_scrape_visitsyr",
      "provider": "provider[\"registry.terraform.io/hashicorp/aws\"]",
      "instances": [
        {
          "schema_version": 0,
          "attributes": {
            "action": "lambda:InvokeFunction",
            "event_source_token": null,
            "function_name": "scrape-visitsyr-to-rawzone",
            "id": "AllowExecutionFromCloudWatch",
            "principal": "events.amazonaws.com",
            "qualifier": "",
            "source_account": null,
            "source_arn": "arn:aws:events:us-east-1:672446792193:rule/scrape_visitsyr_once_a_days",
            "statement_id": "AllowExecutionFromCloudWatch",
            "statement_id_prefix": null
          },
          "sensitive_attributes": [],
          "private": "bnVsbA==",
          "dependencies": [
            "module.scrape_visitsyr.aws_cloudwatch_event_rule.scrape_visitsyr_once_a_day",
            "module.scrape_visitsyr.aws_iam_role.role_lambda_scrape_visitsyr",
            "module.scrape_visitsyr.aws_lambda_function.lambda_scrape_visitsyr"
          ]
        }
      ]
    }
  ]
}
